
Microsoft Visual Studio Solution File, Format Version 12.00
# Visual Studio Version 16
VisualStudioVersion = 16.0.30717.126
MinimumVisualStudioVersion = 15.0.26124.0
Project("{2150E333-8FDC-42A3-9474-1A3956D46DE8}") = "Product", "Product", "{7533F0C1-C462-48E3-BD47-F464B8BF974F}"
EndProject
Project("{2150E333-8FDC-42A3-9474-1A3956D46DE8}") = "Domain", "Domain", "{61A6AACC-0C96-4F45-AEC4-FA4F2D275868}"
EndProject
Project("{9A19103F-16F7-4668-BE54-9A1E7A4F7556}") = "Product.Service", "product-service\Product.Service\Product.Service.csproj", "{17962D1D-EA69-4A2C-8FC5-9DFAFEDA9EDE}"
EndProject
Project("{9A19103F-16F7-4668-BE54-9A1E7A4F7556}") = "Product.Infrastructure", "product-service\Product.Infrastructure\Product.Infrastructure.csproj", "{991A5A79-7446-4738-8132-B74947063BDF}"
EndProject
Project("{9A19103F-16F7-4668-BE54-9A1E7A4F7556}") = "Ecommerce.Model", "domain\Ecommerce.Model\Ecommerce.Model.csproj", "{A8FA1899-AF16-43F4-A33B-130C41600E46}"
EndProject
Project("{FAE04EC0-301F-11D3-BF4B-00C04F79EFBC}") = "Product.Application", "product-service\Product.Application\Product.Application.csproj", "{FE280F87-0718-4301-99BA-C698AEE66D4E}"
EndProject
Project("{FAE04EC0-301F-11D3-BF4B-00C04F79EFBC}") = "Ecommerce.Events", "domain\Ecommerce.Events\Ecommerce.Events.csproj", "{92D47AC8-C4D6-4277-8A40-30994FC4967E}"
EndProject
Project("{2150E333-8FDC-42A3-9474-1A3956D46DE8}") = "Shared", "Shared", "{15FF4A91-B3F4-410F-9317-CC23EDF60D0F}"
EndProject
Project("{FAE04EC0-301F-11D3-BF4B-00C04F79EFBC}") = "Ecommerce.Shared.Infrastructure", "shared\Ecommerce.Shared.Infrastructure\Ecommerce.Shared.Infrastructure.csproj", "{E7E6B881-2BD3-4103-A32E-FDA00F70BA56}"
EndProject
Project("{2150E333-8FDC-42A3-9474-1A3956D46DE8}") = "Order", "Order", "{EA4397C4-3756-E86B-71D8-301E6CD2193E}"
EndProject
Project("{FAE04EC0-301F-11D3-BF4B-00C04F79EFBC}") = "Order.Application", "order-service\Order.Application\Order.Application.csproj", "{36185B47-68D4-41BD-83A3-EF1C4EABFBD2}"
EndProject
Project("{FAE04EC0-301F-11D3-BF4B-00C04F79EFBC}") = "Order.Infrastructure", "order-service\Order.Infrastructure\Order.Infrastructure.csproj", "{C10C159A-E8A9-4668-A866-82C0E83A485F}"
EndProject
Project("{FAE04EC0-301F-11D3-BF4B-00C04F79EFBC}") = "Order.Service", "order-service\Order.Service\Order.Service.csproj", "{532B98E1-FE58-4001-836D-C93E1C543C06}"
EndProject
Project("{2150E333-8FDC-42A3-9474-1A3956D46DE8}") = "Stock", "Stock", "{C24F7C90-6AF5-71FC-EFC1-B2C43122898C}"
EndProject
Project("{FAE04EC0-301F-11D3-BF4B-00C04F79EFBC}") = "Stock.Application", "stock-service\Stock.Application\Stock.Application.csproj", "{65D58820-0B81-4FED-92DA-CE2C10E89AF4}"
EndProject
Project("{FAE04EC0-301F-11D3-BF4B-00C04F79EFBC}") = "Stock.Infrastructure", "stock-service\Stock.Infrastructure\Stock.Infrastructure.csproj", "{01CF4A4E-D9BA-4FC3-B495-5FA1E57CF165}"
EndProject
Project("{FAE04EC0-301F-11D3-BF4B-00C04F79EFBC}") = "Stock.Service", "stock-service\Stock.Service\Stock.Service.csproj", "{23D149DF-A33E-408A-BA4B-37AE2DD67F0F}"
EndProject
Project("{2150E333-8FDC-42A3-9474-1A3956D46DE8}") = "DataSeeder", "DataSeeder", "{D1363AB8-B8C0-8967-0DFE-B2290D43A7D2}"
EndProject
Project("{FAE04EC0-301F-11D3-BF4B-00C04F79EFBC}") = "DataSeeder", "data-seeder\DataSeeder\DataSeeder.csproj", "{6EC41E9B-85A1-4B69-87AE-2C9CF7CF076E}"
EndProject
Project("{FAE04EC0-301F-11D3-BF4B-00C04F79EFBC}") = "Product.Application.Tests", "product-service\Product.Application.Tests\Product.Application.Tests.csproj", "{55995439-D88A-491B-AF22-E2271F2C38EB}"
EndProject
Project("{FAE04EC0-301F-11D3-BF4B-00C04F79EFBC}") = "Order.Application.Tests", "order-service\Order.Application.Tests\Order.Application.Tests.csproj", "{B44577F0-55B9-416A-82A7-CB0494993BA5}"
EndProject
Project("{FAE04EC0-301F-11D3-BF4B-00C04F79EFBC}") = "Stock.Application.Tests", "stock-service\Stock.Application.Tests\Stock.Application.Tests.csproj", "{24D29D0C-3A09-4A19-B28D-E176874A315E}"
EndProject
Project("{FAE04EC0-301F-11D3-BF4B-00C04F79EFBC}") = "Ecommerce.Shared.Infrastructure.Tests", "shared\Ecommerce.Shared.Infrastructure.Tests\Ecommerce.Shared.Infrastructure.Tests.csproj", "{E9BC57EE-77FB-4B2E-BB43-55959EEC4C34}"
EndProject
Project("{2150E333-8FDC-42A3-9474-1A3956D46DE8}") = "User", "User", "{D9F78987-41C9-1FA5-2A17-DF30F2333CD8}"
EndProject
Project("{FAE04EC0-301F-11D3-BF4B-00C04F79EFBC}") = "User.Application", "user-service\User.Application\User.Application.csproj", "{E482CD23-5E4F-49A6-BC83-B816FF7AE735}"
EndProject
Project("{FAE04EC0-301F-11D3-BF4B-00C04F79EFBC}") = "User.Infrastructure", "user-service\User.Infrastructure\User.Infrastructure.csproj", "{27AD71F5-8571-4615-AB71-F7B3B2C46534}"
EndProject
Project("{FAE04EC0-301F-11D3-BF4B-00C04F79EFBC}") = "User.Service", "user-service\User.Service\User.Service.csproj", "{1CDEB1F5-4DBE-4C57-B2D6-87CD91FED17D}"
EndProject
Project("{FAE04EC0-301F-11D3-BF4B-00C04F79EFBC}") = "User.Application.Tests", "user-service\User.Application.Tests\User.Application.Tests.csproj", "{33DF91EF-F216-4ACF-B3D7-0B8094A21554}"
EndProject
Project("{2150E333-8FDC-42A3-9474-1A3956D46DE8}") = "Payment", "Payment", "{BC32782B-3DC9-3934-259F-F436AC525407}"
EndProject
Project("{FAE04EC0-301F-11D3-BF4B-00C04F79EFBC}") = "Payment.Application", "payment-service\Payment.Application\Payment.Application.csproj", "{8A0C6D62-F648-45F1-B846-1DF4BC9BA659}"
EndProject
Project("{FAE04EC0-301F-11D3-BF4B-00C04F79EFBC}") = "Payment.Infrastructure", "payment-service\Payment.Infrastructure\Payment.Infrastructure.csproj", "{1520B20B-1E46-489A-9967-5D460D653A0C}"
EndProject
Project("{FAE04EC0-301F-11D3-BF4B-00C04F79EFBC}") = "Payment.Service", "payment-service\Payment.Service\Payment.Service.csproj", "{34A2B234-3037-4550-8E64-0063BD7F4859}"
EndProject
Project("{FAE04EC0-301F-11D3-BF4B-00C04F79EFBC}") = "Payment.Application.Tests", "payment-service\Payment.Application.Tests\Payment.Application.Tests.csproj", "{79B362A2-51FC-4633-AF3F-D4A04498142C}"
EndProject
Project("{2150E333-8FDC-42A3-9474-1A3956D46DE8}") = "cart-service", "cart-service", "{245AC2C2-169F-7439-7A17-46DCAF344A17}"
EndProject
Project("{FAE04EC0-301F-11D3-BF4B-00C04F79EFBC}") = "Cart.Application", "cart-service\Cart.Application\Cart.Application.csproj", "{4EBE62EB-95FD-43D6-A19D-4B9283940E92}"
EndProject
Project("{FAE04EC0-301F-11D3-BF4B-00C04F79EFBC}") = "Cart.Infrastructure", "cart-service\Cart.Infrastructure\Cart.Infrastructure.csproj", "{D3A8EFD8-A470-4D24-95B0-C534F2406EC4}"
EndProject
Project("{FAE04EC0-301F-11D3-BF4B-00C04F79EFBC}") = "Cart.Service", "cart-service\Cart.Service\Cart.Service.csproj", "{23F6C82B-C89E-4051-AD0C-FD2EE6EFE9C3}"
EndProject
Project("{FAE04EC0-301F-11D3-BF4B-00C04F79EFBC}") = "Cart.Application.Tests", "cart-service\Cart.Application.Tests\Cart.Application.Tests.csproj", "{62220B06-F461-477B-ACD3-7FAC46D26143}"
EndProject
Project("{FAE04EC0-301F-11D3-BF4B-00C04F79EFBC}") = "Ecommerce.Shared.Protos", "shared\Ecommerce.Shared.Protos\Ecommerce.Shared.Protos.csproj", "{702886C9-7EDB-4C71-9C37-105438204E34}"
EndProject
Project("{FAE04EC0-301F-11D3-BF4B-00C04F79EFBC}") = "Ecommerce.Shared.GrpcClients", "shared\Ecommerce.Shared.GrpcClients\Ecommerce.Shared.GrpcClients.csproj", "{2E40D078-506F-4679-B0AF-FF4F42511504}"
EndProject
Project("{FAE04EC0-301F-11D3-BF4B-00C04F79EFBC}") = "Product.Integration.Tests", "product-service\Product.Integration.Tests\Product.Integration.Tests.csproj", "{CC56F989-C7C8-412A-808D-6DB59FDBA28C}"
EndProject
Project("{FAE04EC0-301F-11D3-BF4B-00C04F79EFBC}") = "Order.Integration.Tests", "order-service\Order.Integration.Tests\Order.Integration.Tests.csproj", "{6E7744F1-B9AD-4F0B-A12D-A38A28E03E7A}"
EndProject
Project("{FAE04EC0-301F-11D3-BF4B-00C04F79EFBC}") = "Stock.Integration.Tests", "stock-service\Stock.Integration.Tests\Stock.Integration.Tests.csproj", "{F0E2DC86-E3F5-48BE-9C0E-B5EA24F43450}"
EndProject
Project("{2150E333-8FDC-42A3-9474-1A3956D46DE8}") = "tests", "tests", "{0AB3BF05-4346-4AA6-1389-037BE0695223}"
EndProject
Project("{FAE04EC0-301F-11D3-BF4B-00C04F79EFBC}") = "Ecommerce.Contract.Tests", "tests\Ecommerce.Contract.Tests\Ecommerce.Contract.Tests.csproj", "{97008820-DCC0-4001-A78E-3AACB96BCBDA}"
EndProject
Project("{2150E333-8FDC-42A3-9474-1A3956D46DE8}") = "GraphQL", "GraphQL", "{F346F1B4-A909-D22B-7777-AEA5C3207521}"
EndProject
Project("{FAE04EC0-301F-11D3-BF4B-00C04F79EFBC}") = "GraphQL.Api", "graphql-api\GraphQL.Api\GraphQL.Api.csproj", "{AB4857F7-1085-43CB-A395-08E4C126A904}"
EndProject
Project("{2150E333-8FDC-42A3-9474-1A3956D46DE8}") = "analytics-service", "analytics-service", "{859E7471-FF01-B46E-AFFD-8A1C5F637073}"
EndProject
Project("{FAE04EC0-301F-11D3-BF4B-00C04F79EFBC}") = "Analytics.Service", "analytics-service\Analytics.Service\Analytics.Service.csproj", "{1ECC576A-4260-4BEB-AAD3-D29D542D52B2}"
EndProject
Project("{FAE04EC0-301F-11D3-BF4B-00C04F79EFBC}") = "Analytics.Infrastructure", "analytics-service\Analytics.Infrastructure\Analytics.Infrastructure.csproj", "{93266808-00C8-4BA3-BA33-A8F1A0607B75}"
EndProject
Project("{FAE04EC0-301F-11D3-BF4B-00C04F79EFBC}") = "Analytics.Application", "analytics-service\Analytics.Application\Analytics.Application.csproj", "{1C510636-35FE-4461-80A5-78B669B7C703}"
EndProject
Project("{2150E333-8FDC-42A3-9474-1A3956D46DE8}") = "return-service", "return-service", "{083D166D-AE52-A328-513F-2F5663B9A1C7}"
EndProject
Project("{FAE04EC0-301F-11D3-BF4B-00C04F79EFBC}") = "Return.Service", "return-service\Return.Service\Return.Service.csproj", "{8E2638E3-246A-4B24-877B-306349418F4F}"
EndProject
Project("{FAE04EC0-301F-11D3-BF4B-00C04F79EFBC}") = "Return.Infrastructure", "return-service\Return.Infrastructure\Return.Infrastructure.csproj", "{EFB67351-A648-4EC7-9490-7B53E77A317B}"
EndProject
Project("{FAE04EC0-301F-11D3-BF4B-00C04F79EFBC}") = "Return.Application", "return-service\Return.Application\Return.Application.csproj", "{0985FD21-70AC-45C5-9315-BB999D7D3927}"
EndProject
Global
	GlobalSection(SolutionConfigurationPlatforms) = preSolution
		Debug|Any CPU = Debug|Any CPU
		Debug|x64 = Debug|x64
		Debug|x86 = Debug|x86
		Release|Any CPU = Release|Any CPU
		Release|x64 = Release|x64
		Release|x86 = Release|x86
	EndGlobalSection
	GlobalSection(ProjectConfigurationPlatforms) = postSolution
		{17962D1D-EA69-4A2C-8FC5-9DFAFEDA9EDE}.Debug|Any CPU.ActiveCfg = Debug|Any CPU
		{17962D1D-EA69-4A2C-8FC5-9DFAFEDA9EDE}.Debug|Any CPU.Build.0 = Debug|Any CPU
		{17962D1D-EA69-4A2C-8FC5-9DFAFEDA9EDE}.Debug|x64.ActiveCfg = Debug|Any CPU
		{17962D1D-EA69-4A2C-8FC5-9DFAFEDA9EDE}.Debug|x64.Build.0 = Debug|Any CPU
		{17962D1D-EA69-4A2C-8FC5-9DFAFEDA9EDE}.Debug|x86.ActiveCfg = Debug|Any CPU
		{17962D1D-EA69-4A2C-8FC5-9DFAFEDA9EDE}.Debug|x86.Build.0 = Debug|Any CPU
		{17962D1D-EA69-4A2C-8FC5-9DFAFEDA9EDE}.Release|Any CPU.ActiveCfg = Release|Any CPU
		{17962D1D-EA69-4A2C-8FC5-9DFAFEDA9EDE}.Release|Any CPU.Build.0 = Release|Any CPU
		{17962D1D-EA69-4A2C-8FC5-9DFAFEDA9EDE}.Release|x64.ActiveCfg = Release|Any CPU
		{17962D1D-EA69-4A2C-8FC5-9DFAFEDA9EDE}.Release|x64.Build.0 = Release|Any CPU
		{17962D1D-EA69-4A2C-8FC5-9DFAFEDA9EDE}.Release|x86.ActiveCfg = Release|Any CPU
		{17962D1D-EA69-4A2C-8FC5-9DFAFEDA9EDE}.Release|x86.Build.0 = Release|Any CPU
		{991A5A79-7446-4738-8132-B74947063BDF}.Debug|Any CPU.ActiveCfg = Debug|Any CPU
		{991A5A79-7446-4738-8132-B74947063BDF}.Debug|Any CPU.Build.0 = Debug|Any CPU
		{991A5A79-7446-4738-8132-B74947063BDF}.Debug|x64.ActiveCfg = Debug|Any CPU
		{991A5A79-7446-4738-8132-B74947063BDF}.Debug|x64.Build.0 = Debug|Any CPU
		{991A5A79-7446-4738-8132-B74947063BDF}.Debug|x86.ActiveCfg = Debug|Any CPU
		{991A5A79-7446-4738-8132-B74947063BDF}.Debug|x86.Build.0 = Debug|Any CPU
		{991A5A79-7446-4738-8132-B74947063BDF}.Release|Any CPU.ActiveCfg = Release|Any CPU
		{991A5A79-7446-4738-8132-B74947063BDF}.Release|Any CPU.Build.0 = Release|Any CPU
		{991A5A79-7446-4738-8132-B74947063BDF}.Release|x64.ActiveCfg = Release|Any CPU
		{991A5A79-7446-4738-8132-B74947063BDF}.Release|x64.Build.0 = Release|Any CPU
		{991A5A79-7446-4738-8132-B74947063BDF}.Release|x86.ActiveCfg = Release|Any CPU
		{991A5A79-7446-4738-8132-B74947063BDF}.Release|x86.Build.0 = Release|Any CPU
		{A8FA1899-AF16-43F4-A33B-130C41600E46}.Debug|Any CPU.ActiveCfg = Debug|Any CPU
		{A8FA1899-AF16-43F4-A33B-130C41600E46}.Debug|Any CPU.Build.0 = Debug|Any CPU
		{A8FA1899-AF16-43F4-A33B-130C41600E46}.Debug|x64.ActiveCfg = Debug|Any CPU
		{A8FA1899-AF16-43F4-A33B-130C41600E46}.Debug|x64.Build.0 = Debug|Any CPU
		{A8FA1899-AF16-43F4-A33B-130C41600E46}.Debug|x86.ActiveCfg = Debug|Any CPU
		{A8FA1899-AF16-43F4-A33B-130C41600E46}.Debug|x86.Build.0 = Debug|Any CPU
		{A8FA1899-AF16-43F4-A33B-130C41600E46}.Release|Any CPU.ActiveCfg = Release|Any CPU
		{A8FA1899-AF16-43F4-A33B-130C41600E46}.Release|Any CPU.Build.0 = Release|Any CPU
		{A8FA1899-AF16-43F4-A33B-130C41600E46}.Release|x64.ActiveCfg = Release|Any CPU
		{A8FA1899-AF16-43F4-A33B-130C41600E46}.Release|x64.Build.0 = Release|Any CPU
		{A8FA1899-AF16-43F4-A33B-130C41600E46}.Release|x86.ActiveCfg = Release|Any CPU
		{A8FA1899-AF16-43F4-A33B-130C41600E46}.Release|x86.Build.0 = Release|Any CPU
		{FE280F87-0718-4301-99BA-C698AEE66D4E}.Debug|Any CPU.ActiveCfg = Debug|Any CPU
		{FE280F87-0718-4301-99BA-C698AEE66D4E}.Debug|Any CPU.Build.0 = Debug|Any CPU
		{FE280F87-0718-4301-99BA-C698AEE66D4E}.Debug|x64.ActiveCfg = Debug|Any CPU
		{FE280F87-0718-4301-99BA-C698AEE66D4E}.Debug|x64.Build.0 = Debug|Any CPU
		{FE280F87-0718-4301-99BA-C698AEE66D4E}.Debug|x86.ActiveCfg = Debug|Any CPU
		{FE280F87-0718-4301-99BA-C698AEE66D4E}.Debug|x86.Build.0 = Debug|Any CPU
		{FE280F87-0718-4301-99BA-C698AEE66D4E}.Release|Any CPU.ActiveCfg = Release|Any CPU
		{FE280F87-0718-4301-99BA-C698AEE66D4E}.Release|Any CPU.Build.0 = Release|Any CPU
		{FE280F87-0718-4301-99BA-C698AEE66D4E}.Release|x64.ActiveCfg = Release|Any CPU
		{FE280F87-0718-4301-99BA-C698AEE66D4E}.Release|x64.Build.0 = Release|Any CPU
		{FE280F87-0718-4301-99BA-C698AEE66D4E}.Release|x86.ActiveCfg = Release|Any CPU
		{FE280F87-0718-4301-99BA-C698AEE66D4E}.Release|x86.Build.0 = Release|Any CPU
		{92D47AC8-C4D6-4277-8A40-30994FC4967E}.Debug|Any CPU.ActiveCfg = Debug|Any CPU
		{92D47AC8-C4D6-4277-8A40-30994FC4967E}.Debug|Any CPU.Build.0 = Debug|Any CPU
		{92D47AC8-C4D6-4277-8A40-30994FC4967E}.Debug|x64.ActiveCfg = Debug|Any CPU
		{92D47AC8-C4D6-4277-8A40-30994FC4967E}.Debug|x64.Build.0 = Debug|Any CPU
		{92D47AC8-C4D6-4277-8A40-30994FC4967E}.Debug|x86.ActiveCfg = Debug|Any CPU
		{92D47AC8-C4D6-4277-8A40-30994FC4967E}.Debug|x86.Build.0 = Debug|Any CPU
		{92D47AC8-C4D6-4277-8A40-30994FC4967E}.Release|Any CPU.ActiveCfg = Release|Any CPU
		{92D47AC8-C4D6-4277-8A40-30994FC4967E}.Release|Any CPU.Build.0 = Release|Any CPU
		{92D47AC8-C4D6-4277-8A40-30994FC4967E}.Release|x64.ActiveCfg = Release|Any CPU
		{92D47AC8-C4D6-4277-8A40-30994FC4967E}.Release|x64.Build.0 = Release|Any CPU
		{92D47AC8-C4D6-4277-8A40-30994FC4967E}.Release|x86.ActiveCfg = Release|Any CPU
		{92D47AC8-C4D6-4277-8A40-30994FC4967E}.Release|x86.Build.0 = Release|Any CPU
		{E7E6B881-2BD3-4103-A32E-FDA00F70BA56}.Debug|Any CPU.ActiveCfg = Debug|Any CPU
		{E7E6B881-2BD3-4103-A32E-FDA00F70BA56}.Debug|Any CPU.Build.0 = Debug|Any CPU
		{E7E6B881-2BD3-4103-A32E-FDA00F70BA56}.Debug|x64.ActiveCfg = Debug|Any CPU
		{E7E6B881-2BD3-4103-A32E-FDA00F70BA56}.Debug|x64.Build.0 = Debug|Any CPU
		{E7E6B881-2BD3-4103-A32E-FDA00F70BA56}.Debug|x86.ActiveCfg = Debug|Any CPU
		{E7E6B881-2BD3-4103-A32E-FDA00F70BA56}.Debug|x86.Build.0 = Debug|Any CPU
		{E7E6B881-2BD3-4103-A32E-FDA00F70BA56}.Release|Any CPU.ActiveCfg = Release|Any CPU
		{E7E6B881-2BD3-4103-A32E-FDA00F70BA56}.Release|Any CPU.Build.0 = Release|Any CPU
		{E7E6B881-2BD3-4103-A32E-FDA00F70BA56}.Release|x64.ActiveCfg = Release|Any CPU
		{E7E6B881-2BD3-4103-A32E-FDA00F70BA56}.Release|x64.Build.0 = Release|Any CPU
		{E7E6B881-2BD3-4103-A32E-FDA00F70BA56}.Release|x86.ActiveCfg = Release|Any CPU
		{E7E6B881-2BD3-4103-A32E-FDA00F70BA56}.Release|x86.Build.0 = Release|Any CPU
		{36185B47-68D4-41BD-83A3-EF1C4EABFBD2}.Debug|Any CPU.ActiveCfg = Debug|Any CPU
		{36185B47-68D4-41BD-83A3-EF1C4EABFBD2}.Debug|Any CPU.Build.0 = Debug|Any CPU
		{36185B47-68D4-41BD-83A3-EF1C4EABFBD2}.Debug|x64.ActiveCfg = Debug|Any CPU
		{36185B47-68D4-41BD-83A3-EF1C4EABFBD2}.Debug|x64.Build.0 = Debug|Any CPU
		{36185B47-68D4-41BD-83A3-EF1C4EABFBD2}.Debug|x86.ActiveCfg = Debug|Any CPU
		{36185B47-68D4-41BD-83A3-EF1C4EABFBD2}.Debug|x86.Build.0 = Debug|Any CPU
		{36185B47-68D4-41BD-83A3-EF1C4EABFBD2}.Release|Any CPU.ActiveCfg = Release|Any CPU
		{36185B47-68D4-41BD-83A3-EF1C4EABFBD2}.Release|Any CPU.Build.0 = Release|Any CPU
		{36185B47-68D4-41BD-83A3-EF1C4EABFBD2}.Release|x64.ActiveCfg = Release|Any CPU
		{36185B47-68D4-41BD-83A3-EF1C4EABFBD2}.Release|x64.Build.0 = Release|Any CPU
		{36185B47-68D4-41BD-83A3-EF1C4EABFBD2}.Release|x86.ActiveCfg = Release|Any CPU
		{36185B47-68D4-41BD-83A3-EF1C4EABFBD2}.Release|x86.Build.0 = Release|Any CPU
		{C10C159A-E8A9-4668-A866-82C0E83A485F}.Debug|Any CPU.ActiveCfg = Debug|Any CPU
		{C10C159A-E8A9-4668-A866-82C0E83A485F}.Debug|Any CPU.Build.0 = Debug|Any CPU
		{C10C159A-E8A9-4668-A866-82C0E83A485F}.Debug|x64.ActiveCfg = Debug|Any CPU
		{C10C159A-E8A9-4668-A866-82C0E83A485F}.Debug|x64.Build.0 = Debug|Any CPU
		{C10C159A-E8A9-4668-A866-82C0E83A485F}.Debug|x86.ActiveCfg = Debug|Any CPU
		{C10C159A-E8A9-4668-A866-82C0E83A485F}.Debug|x86.Build.0 = Debug|Any CPU
		{C10C159A-E8A9-4668-A866-82C0E83A485F}.Release|Any CPU.ActiveCfg = Release|Any CPU
		{C10C159A-E8A9-4668-A866-82C0E83A485F}.Release|Any CPU.Build.0 = Release|Any CPU
		{C10C159A-E8A9-4668-A866-82C0E83A485F}.Release|x64.ActiveCfg = Release|Any CPU
		{C10C159A-E8A9-4668-A866-82C0E83A485F}.Release|x64.Build.0 = Release|Any CPU
		{C10C159A-E8A9-4668-A866-82C0E83A485F}.Release|x86.ActiveCfg = Release|Any CPU
		{C10C159A-E8A9-4668-A866-82C0E83A485F}.Release|x86.Build.0 = Release|Any CPU
		{532B98E1-FE58-4001-836D-C93E1C543C06}.Debug|Any CPU.ActiveCfg = Debug|Any CPU
		{532B98E1-FE58-4001-836D-C93E1C543C06}.Debug|Any CPU.Build.0 = Debug|Any CPU
		{532B98E1-FE58-4001-836D-C93E1C543C06}.Debug|x64.ActiveCfg = Debug|Any CPU
		{532B98E1-FE58-4001-836D-C93E1C543C06}.Debug|x64.Build.0 = Debug|Any CPU
		{532B98E1-FE58-4001-836D-C93E1C543C06}.Debug|x86.ActiveCfg = Debug|Any CPU
		{532B98E1-FE58-4001-836D-C93E1C543C06}.Debug|x86.Build.0 = Debug|Any CPU
		{532B98E1-FE58-4001-836D-C93E1C543C06}.Release|Any CPU.ActiveCfg = Release|Any CPU
		{532B98E1-FE58-4001-836D-C93E1C543C06}.Release|Any CPU.Build.0 = Release|Any CPU
		{532B98E1-FE58-4001-836D-C93E1C543C06}.Release|x64.ActiveCfg = Release|Any CPU
		{532B98E1-FE58-4001-836D-C93E1C543C06}.Release|x64.Build.0 = Release|Any CPU
		{532B98E1-FE58-4001-836D-C93E1C543C06}.Release|x86.ActiveCfg = Release|Any CPU
		{532B98E1-FE58-4001-836D-C93E1C543C06}.Release|x86.Build.0 = Release|Any CPU
		{65D58820-0B81-4FED-92DA-CE2C10E89AF4}.Debug|Any CPU.ActiveCfg = Debug|Any CPU
		{65D58820-0B81-4FED-92DA-CE2C10E89AF4}.Debug|Any CPU.Build.0 = Debug|Any CPU
		{65D58820-0B81-4FED-92DA-CE2C10E89AF4}.Debug|x64.ActiveCfg = Debug|Any CPU
		{65D58820-0B81-4FED-92DA-CE2C10E89AF4}.Debug|x64.Build.0 = Debug|Any CPU
		{65D58820-0B81-4FED-92DA-CE2C10E89AF4}.Debug|x86.ActiveCfg = Debug|Any CPU
		{65D58820-0B81-4FED-92DA-CE2C10E89AF4}.Debug|x86.Build.0 = Debug|Any CPU
		{65D58820-0B81-4FED-92DA-CE2C10E89AF4}.Release|Any CPU.ActiveCfg = Release|Any CPU
		{65D58820-0B81-4FED-92DA-CE2C10E89AF4}.Release|Any CPU.Build.0 = Release|Any CPU
		{65D58820-0B81-4FED-92DA-CE2C10E89AF4}.Release|x64.ActiveCfg = Release|Any CPU
		{65D58820-0B81-4FED-92DA-CE2C10E89AF4}.Release|x64.Build.0 = Release|Any CPU
		{65D58820-0B81-4FED-92DA-CE2C10E89AF4}.Release|x86.ActiveCfg = Release|Any CPU
		{65D58820-0B81-4FED-92DA-CE2C10E89AF4}.Release|x86.Build.0 = Release|Any CPU
		{01CF4A4E-D9BA-4FC3-B495-5FA1E57CF165}.Debug|Any CPU.ActiveCfg = Debug|Any CPU
		{01CF4A4E-D9BA-4FC3-B495-5FA1E57CF165}.Debug|Any CPU.Build.0 = Debug|Any CPU
		{01CF4A4E-D9BA-4FC3-B495-5FA1E57CF165}.Debug|x64.ActiveCfg = Debug|Any CPU
		{01CF4A4E-D9BA-4FC3-B495-5FA1E57CF165}.Debug|x64.Build.0 = Debug|Any CPU
		{01CF4A4E-D9BA-4FC3-B495-5FA1E57CF165}.Debug|x86.ActiveCfg = Debug|Any CPU
		{01CF4A4E-D9BA-4FC3-B495-5FA1E57CF165}.Debug|x86.Build.0 = Debug|Any CPU
		{01CF4A4E-D9BA-4FC3-B495-5FA1E57CF165}.Release|Any CPU.ActiveCfg = Release|Any CPU
		{01CF4A4E-D9BA-4FC3-B495-5FA1E57CF165}.Release|Any CPU.Build.0 = Release|Any CPU
		{01CF4A4E-D9BA-4FC3-B495-5FA1E57CF165}.Release|x64.ActiveCfg = Release|Any CPU
		{01CF4A4E-D9BA-4FC3-B495-5FA1E57CF165}.Release|x64.Build.0 = Release|Any CPU
		{01CF4A4E-D9BA-4FC3-B495-5FA1E57CF165}.Release|x86.ActiveCfg = Release|Any CPU
		{01CF4A4E-D9BA-4FC3-B495-5FA1E57CF165}.Release|x86.Build.0 = Release|Any CPU
		{23D149DF-A33E-408A-BA4B-37AE2DD67F0F}.Debug|Any CPU.ActiveCfg = Debug|Any CPU
		{23D149DF-A33E-408A-BA4B-37AE2DD67F0F}.Debug|Any CPU.Build.0 = Debug|Any CPU
		{23D149DF-A33E-408A-BA4B-37AE2DD67F0F}.Debug|x64.ActiveCfg = Debug|Any CPU
		{23D149DF-A33E-408A-BA4B-37AE2DD67F0F}.Debug|x64.Build.0 = Debug|Any CPU
		{23D149DF-A33E-408A-BA4B-37AE2DD67F0F}.Debug|x86.ActiveCfg = Debug|Any CPU
		{23D149DF-A33E-408A-BA4B-37AE2DD67F0F}.Debug|x86.Build.0 = Debug|Any CPU
		{23D149DF-A33E-408A-BA4B-37AE2DD67F0F}.Release|Any CPU.ActiveCfg = Release|Any CPU
		{23D149DF-A33E-408A-BA4B-37AE2DD67F0F}.Release|Any CPU.Build.0 = Release|Any CPU
		{23D149DF-A33E-408A-BA4B-37AE2DD67F0F}.Release|x64.ActiveCfg = Release|Any CPU
		{23D149DF-A33E-408A-BA4B-37AE2DD67F0F}.Release|x64.Build.0 = Release|Any CPU
		{23D149DF-A33E-408A-BA4B-37AE2DD67F0F}.Release|x86.ActiveCfg = Release|Any CPU
		{23D149DF-A33E-408A-BA4B-37AE2DD67F0F}.Release|x86.Build.0 = Release|Any CPU
		{6EC41E9B-85A1-4B69-87AE-2C9CF7CF076E}.Debug|Any CPU.ActiveCfg = Debug|Any CPU
		{6EC41E9B-85A1-4B69-87AE-2C9CF7CF076E}.Debug|Any CPU.Build.0 = Debug|Any CPU
		{6EC41E9B-85A1-4B69-87AE-2C9CF7CF076E}.Debug|x64.ActiveCfg = Debug|Any CPU
		{6EC41E9B-85A1-4B69-87AE-2C9CF7CF076E}.Debug|x64.Build.0 = Debug|Any CPU
		{6EC41E9B-85A1-4B69-87AE-2C9CF7CF076E}.Debug|x86.ActiveCfg = Debug|Any CPU
		{6EC41E9B-85A1-4B69-87AE-2C9CF7CF076E}.Debug|x86.Build.0 = Debug|Any CPU
		{6EC41E9B-85A1-4B69-87AE-2C9CF7CF076E}.Release|Any CPU.ActiveCfg = Release|Any CPU
		{6EC41E9B-85A1-4B69-87AE-2C9CF7CF076E}.Release|Any CPU.Build.0 = Release|Any CPU
		{6EC41E9B-85A1-4B69-87AE-2C9CF7CF076E}.Release|x64.ActiveCfg = Release|Any CPU
		{6EC41E9B-85A1-4B69-87AE-2C9CF7CF076E}.Release|x64.Build.0 = Release|Any CPU
		{6EC41E9B-85A1-4B69-87AE-2C9CF7CF076E}.Release|x86.ActiveCfg = Release|Any CPU
		{6EC41E9B-85A1-4B69-87AE-2C9CF7CF076E}.Release|x86.Build.0 = Release|Any CPU
		{55995439-D88A-491B-AF22-E2271F2C38EB}.Debug|Any CPU.ActiveCfg = Debug|Any CPU
		{55995439-D88A-491B-AF22-E2271F2C38EB}.Debug|Any CPU.Build.0 = Debug|Any CPU
		{55995439-D88A-491B-AF22-E2271F2C38EB}.Debug|x64.ActiveCfg = Debug|Any CPU
		{55995439-D88A-491B-AF22-E2271F2C38EB}.Debug|x64.Build.0 = Debug|Any CPU
		{55995439-D88A-491B-AF22-E2271F2C38EB}.Debug|x86.ActiveCfg = Debug|Any CPU
		{55995439-D88A-491B-AF22-E2271F2C38EB}.Debug|x86.Build.0 = Debug|Any CPU
		{55995439-D88A-491B-AF22-E2271F2C38EB}.Release|Any CPU.ActiveCfg = Release|Any CPU
		{55995439-D88A-491B-AF22-E2271F2C38EB}.Release|Any CPU.Build.0 = Release|Any CPU
		{55995439-D88A-491B-AF22-E2271F2C38EB}.Release|x64.ActiveCfg = Release|Any CPU
		{55995439-D88A-491B-AF22-E2271F2C38EB}.Release|x64.Build.0 = Release|Any CPU
		{55995439-D88A-491B-AF22-E2271F2C38EB}.Release|x86.ActiveCfg = Release|Any CPU
		{55995439-D88A-491B-AF22-E2271F2C38EB}.Release|x86.Build.0 = Release|Any CPU
		{B44577F0-55B9-416A-82A7-CB0494993BA5}.Debug|Any CPU.ActiveCfg = Debug|Any CPU
		{B44577F0-55B9-416A-82A7-CB0494993BA5}.Debug|Any CPU.Build.0 = Debug|Any CPU
		{B44577F0-55B9-416A-82A7-CB0494993BA5}.Debug|x64.ActiveCfg = Debug|Any CPU
		{B44577F0-55B9-416A-82A7-CB0494993BA5}.Debug|x64.Build.0 = Debug|Any CPU
		{B44577F0-55B9-416A-82A7-CB0494993BA5}.Debug|x86.ActiveCfg = Debug|Any CPU
		{B44577F0-55B9-416A-82A7-CB0494993BA5}.Debug|x86.Build.0 = Debug|Any CPU
		{B44577F0-55B9-416A-82A7-CB0494993BA5}.Release|Any CPU.ActiveCfg = Release|Any CPU
		{B44577F0-55B9-416A-82A7-CB0494993BA5}.Release|Any CPU.Build.0 = Release|Any CPU
		{B44577F0-55B9-416A-82A7-CB0494993BA5}.Release|x64.ActiveCfg = Release|Any CPU
		{B44577F0-55B9-416A-82A7-CB0494993BA5}.Release|x64.Build.0 = Release|Any CPU
		{B44577F0-55B9-416A-82A7-CB0494993BA5}.Release|x86.ActiveCfg = Release|Any CPU
		{B44577F0-55B9-416A-82A7-CB0494993BA5}.Release|x86.Build.0 = Release|Any CPU
		{24D29D0C-3A09-4A19-B28D-E176874A315E}.Debug|Any CPU.ActiveCfg = Debug|Any CPU
		{24D29D0C-3A09-4A19-B28D-E176874A315E}.Debug|Any CPU.Build.0 = Debug|Any CPU
		{24D29D0C-3A09-4A19-B28D-E176874A315E}.Debug|x64.ActiveCfg = Debug|Any CPU
		{24D29D0C-3A09-4A19-B28D-E176874A315E}.Debug|x64.Build.0 = Debug|Any CPU
		{24D29D0C-3A09-4A19-B28D-E176874A315E}.Debug|x86.ActiveCfg = Debug|Any CPU
		{24D29D0C-3A09-4A19-B28D-E176874A315E}.Debug|x86.Build.0 = Debug|Any CPU
		{24D29D0C-3A09-4A19-B28D-E176874A315E}.Release|Any CPU.ActiveCfg = Release|Any CPU
		{24D29D0C-3A09-4A19-B28D-E176874A315E}.Release|Any CPU.Build.0 = Release|Any CPU
		{24D29D0C-3A09-4A19-B28D-E176874A315E}.Release|x64.ActiveCfg = Release|Any CPU
		{24D29D0C-3A09-4A19-B28D-E176874A315E}.Release|x64.Build.0 = Release|Any CPU
		{24D29D0C-3A09-4A19-B28D-E176874A315E}.Release|x86.ActiveCfg = Release|Any CPU
		{24D29D0C-3A09-4A19-B28D-E176874A315E}.Release|x86.Build.0 = Release|Any CPU
		{E9BC57EE-77FB-4B2E-BB43-55959EEC4C34}.Debug|Any CPU.ActiveCfg = Debug|Any CPU
		{E9BC57EE-77FB-4B2E-BB43-55959EEC4C34}.Debug|Any CPU.Build.0 = Debug|Any CPU
		{E9BC57EE-77FB-4B2E-BB43-55959EEC4C34}.Debug|x64.ActiveCfg = Debug|Any CPU
		{E9BC57EE-77FB-4B2E-BB43-55959EEC4C34}.Debug|x64.Build.0 = Debug|Any CPU
		{E9BC57EE-77FB-4B2E-BB43-55959EEC4C34}.Debug|x86.ActiveCfg = Debug|Any CPU
		{E9BC57EE-77FB-4B2E-BB43-55959EEC4C34}.Debug|x86.Build.0 = Debug|Any CPU
		{E9BC57EE-77FB-4B2E-BB43-55959EEC4C34}.Release|Any CPU.ActiveCfg = Release|Any CPU
		{E9BC57EE-77FB-4B2E-BB43-55959EEC4C34}.Release|Any CPU.Build.0 = Release|Any CPU
		{E9BC57EE-77FB-4B2E-BB43-55959EEC4C34}.Release|x64.ActiveCfg = Release|Any CPU
		{E9BC57EE-77FB-4B2E-BB43-55959EEC4C34}.Release|x64.Build.0 = Release|Any CPU
		{E9BC57EE-77FB-4B2E-BB43-55959EEC4C34}.Release|x86.ActiveCfg = Release|Any CPU
		{E9BC57EE-77FB-4B2E-BB43-55959EEC4C34}.Release|x86.Build.0 = Release|Any CPU
		{E482CD23-5E4F-49A6-BC83-B816FF7AE735}.Debug|Any CPU.ActiveCfg = Debug|Any CPU
		{E482CD23-5E4F-49A6-BC83-B816FF7AE735}.Debug|Any CPU.Build.0 = Debug|Any CPU
		{E482CD23-5E4F-49A6-BC83-B816FF7AE735}.Debug|x64.ActiveCfg = Debug|Any CPU
		{E482CD23-5E4F-49A6-BC83-B816FF7AE735}.Debug|x64.Build.0 = Debug|Any CPU
		{E482CD23-5E4F-49A6-BC83-B816FF7AE735}.Debug|x86.ActiveCfg = Debug|Any CPU
		{E482CD23-5E4F-49A6-BC83-B816FF7AE735}.Debug|x86.Build.0 = Debug|Any CPU
		{E482CD23-5E4F-49A6-BC83-B816FF7AE735}.Release|Any CPU.ActiveCfg = Release|Any CPU
		{E482CD23-5E4F-49A6-BC83-B816FF7AE735}.Release|Any CPU.Build.0 = Release|Any CPU
		{E482CD23-5E4F-49A6-BC83-B816FF7AE735}.Release|x64.ActiveCfg = Release|Any CPU
		{E482CD23-5E4F-49A6-BC83-B816FF7AE735}.Release|x64.Build.0 = Release|Any CPU
		{E482CD23-5E4F-49A6-BC83-B816FF7AE735}.Release|x86.ActiveCfg = Release|Any CPU
		{E482CD23-5E4F-49A6-BC83-B816FF7AE735}.Release|x86.Build.0 = Release|Any CPU
		{27AD71F5-8571-4615-AB71-F7B3B2C46534}.Debug|Any CPU.ActiveCfg = Debug|Any CPU
		{27AD71F5-8571-4615-AB71-F7B3B2C46534}.Debug|Any CPU.Build.0 = Debug|Any CPU
		{27AD71F5-8571-4615-AB71-F7B3B2C46534}.Debug|x64.ActiveCfg = Debug|Any CPU
		{27AD71F5-8571-4615-AB71-F7B3B2C46534}.Debug|x64.Build.0 = Debug|Any CPU
		{27AD71F5-8571-4615-AB71-F7B3B2C46534}.Debug|x86.ActiveCfg = Debug|Any CPU
		{27AD71F5-8571-4615-AB71-F7B3B2C46534}.Debug|x86.Build.0 = Debug|Any CPU
		{27AD71F5-8571-4615-AB71-F7B3B2C46534}.Release|Any CPU.ActiveCfg = Release|Any CPU
		{27AD71F5-8571-4615-AB71-F7B3B2C46534}.Release|Any CPU.Build.0 = Release|Any CPU
		{27AD71F5-8571-4615-AB71-F7B3B2C46534}.Release|x64.ActiveCfg = Release|Any CPU
		{27AD71F5-8571-4615-AB71-F7B3B2C46534}.Release|x64.Build.0 = Release|Any CPU
		{27AD71F5-8571-4615-AB71-F7B3B2C46534}.Release|x86.ActiveCfg = Release|Any CPU
		{27AD71F5-8571-4615-AB71-F7B3B2C46534}.Release|x86.Build.0 = Release|Any CPU
		{1CDEB1F5-4DBE-4C57-B2D6-87CD91FED17D}.Debug|Any CPU.ActiveCfg = Debug|Any CPU
		{1CDEB1F5-4DBE-4C57-B2D6-87CD91FED17D}.Debug|Any CPU.Build.0 = Debug|Any CPU
		{1CDEB1F5-4DBE-4C57-B2D6-87CD91FED17D}.Debug|x64.ActiveCfg = Debug|Any CPU
		{1CDEB1F5-4DBE-4C57-B2D6-87CD91FED17D}.Debug|x64.Build.0 = Debug|Any CPU
		{1CDEB1F5-4DBE-4C57-B2D6-87CD91FED17D}.Debug|x86.ActiveCfg = Debug|Any CPU
		{1CDEB1F5-4DBE-4C57-B2D6-87CD91FED17D}.Debug|x86.Build.0 = Debug|Any CPU
		{1CDEB1F5-4DBE-4C57-B2D6-87CD91FED17D}.Release|Any CPU.ActiveCfg = Release|Any CPU
		{1CDEB1F5-4DBE-4C57-B2D6-87CD91FED17D}.Release|Any CPU.Build.0 = Release|Any CPU
		{1CDEB1F5-4DBE-4C57-B2D6-87CD91FED17D}.Release|x64.ActiveCfg = Release|Any CPU
		{1CDEB1F5-4DBE-4C57-B2D6-87CD91FED17D}.Release|x64.Build.0 = Release|Any CPU
		{1CDEB1F5-4DBE-4C57-B2D6-87CD91FED17D}.Release|x86.ActiveCfg = Release|Any CPU
		{1CDEB1F5-4DBE-4C57-B2D6-87CD91FED17D}.Release|x86.Build.0 = Release|Any CPU
		{33DF91EF-F216-4ACF-B3D7-0B8094A21554}.Debug|Any CPU.ActiveCfg = Debug|Any CPU
		{33DF91EF-F216-4ACF-B3D7-0B8094A21554}.Debug|Any CPU.Build.0 = Debug|Any CPU
		{33DF91EF-F216-4ACF-B3D7-0B8094A21554}.Debug|x64.ActiveCfg = Debug|Any CPU
		{33DF91EF-F216-4ACF-B3D7-0B8094A21554}.Debug|x64.Build.0 = Debug|Any CPU
		{33DF91EF-F216-4ACF-B3D7-0B8094A21554}.Debug|x86.ActiveCfg = Debug|Any CPU
		{33DF91EF-F216-4ACF-B3D7-0B8094A21554}.Debug|x86.Build.0 = Debug|Any CPU
		{33DF91EF-F216-4ACF-B3D7-0B8094A21554}.Release|Any CPU.ActiveCfg = Release|Any CPU
		{33DF91EF-F216-4ACF-B3D7-0B8094A21554}.Release|Any CPU.Build.0 = Release|Any CPU
		{33DF91EF-F216-4ACF-B3D7-0B8094A21554}.Release|x64.ActiveCfg = Release|Any CPU
		{33DF91EF-F216-4ACF-B3D7-0B8094A21554}.Release|x64.Build.0 = Release|Any CPU
		{33DF91EF-F216-4ACF-B3D7-0B8094A21554}.Release|x86.ActiveCfg = Release|Any CPU
		{33DF91EF-F216-4ACF-B3D7-0B8094A21554}.Release|x86.Build.0 = Release|Any CPU
		{8A0C6D62-F648-45F1-B846-1DF4BC9BA659}.Debug|Any CPU.ActiveCfg = Debug|Any CPU
		{8A0C6D62-F648-45F1-B846-1DF4BC9BA659}.Debug|Any CPU.Build.0 = Debug|Any CPU
		{8A0C6D62-F648-45F1-B846-1DF4BC9BA659}.Debug|x64.ActiveCfg = Debug|Any CPU
		{8A0C6D62-F648-45F1-B846-1DF4BC9BA659}.Debug|x64.Build.0 = Debug|Any CPU
		{8A0C6D62-F648-45F1-B846-1DF4BC9BA659}.Debug|x86.ActiveCfg = Debug|Any CPU
		{8A0C6D62-F648-45F1-B846-1DF4BC9BA659}.Debug|x86.Build.0 = Debug|Any CPU
		{8A0C6D62-F648-45F1-B846-1DF4BC9BA659}.Release|Any CPU.ActiveCfg = Release|Any CPU
		{8A0C6D62-F648-45F1-B846-1DF4BC9BA659}.Release|Any CPU.Build.0 = Release|Any CPU
		{8A0C6D62-F648-45F1-B846-1DF4BC9BA659}.Release|x64.ActiveCfg = Release|Any CPU
		{8A0C6D62-F648-45F1-B846-1DF4BC9BA659}.Release|x64.Build.0 = Release|Any CPU
		{8A0C6D62-F648-45F1-B846-1DF4BC9BA659}.Release|x86.ActiveCfg = Release|Any CPU
		{8A0C6D62-F648-45F1-B846-1DF4BC9BA659}.Release|x86.Build.0 = Release|Any CPU
		{1520B20B-1E46-489A-9967-5D460D653A0C}.Debug|Any CPU.ActiveCfg = Debug|Any CPU
		{1520B20B-1E46-489A-9967-5D460D653A0C}.Debug|Any CPU.Build.0 = Debug|Any CPU
		{1520B20B-1E46-489A-9967-5D460D653A0C}.Debug|x64.ActiveCfg = Debug|Any CPU
		{1520B20B-1E46-489A-9967-5D460D653A0C}.Debug|x64.Build.0 = Debug|Any CPU
		{1520B20B-1E46-489A-9967-5D460D653A0C}.Debug|x86.ActiveCfg = Debug|Any CPU
		{1520B20B-1E46-489A-9967-5D460D653A0C}.Debug|x86.Build.0 = Debug|Any CPU
		{1520B20B-1E46-489A-9967-5D460D653A0C}.Release|Any CPU.ActiveCfg = Release|Any CPU
		{1520B20B-1E46-489A-9967-5D460D653A0C}.Release|Any CPU.Build.0 = Release|Any CPU
		{1520B20B-1E46-489A-9967-5D460D653A0C}.Release|x64.ActiveCfg = Release|Any CPU
		{1520B20B-1E46-489A-9967-5D460D653A0C}.Release|x64.Build.0 = Release|Any CPU
		{1520B20B-1E46-489A-9967-5D460D653A0C}.Release|x86.ActiveCfg = Release|Any CPU
		{1520B20B-1E46-489A-9967-5D460D653A0C}.Release|x86.Build.0 = Release|Any CPU
		{34A2B234-3037-4550-8E64-0063BD7F4859}.Debug|Any CPU.ActiveCfg = Debug|Any CPU
		{34A2B234-3037-4550-8E64-0063BD7F4859}.Debug|Any CPU.Build.0 = Debug|Any CPU
		{34A2B234-3037-4550-8E64-0063BD7F4859}.Debug|x64.ActiveCfg = Debug|Any CPU
		{34A2B234-3037-4550-8E64-0063BD7F4859}.Debug|x64.Build.0 = Debug|Any CPU
		{34A2B234-3037-4550-8E64-0063BD7F4859}.Debug|x86.ActiveCfg = Debug|Any CPU
		{34A2B234-3037-4550-8E64-0063BD7F4859}.Debug|x86.Build.0 = Debug|Any CPU
		{34A2B234-3037-4550-8E64-0063BD7F4859}.Release|Any CPU.ActiveCfg = Release|Any CPU
		{34A2B234-3037-4550-8E64-0063BD7F4859}.Release|Any CPU.Build.0 = Release|Any CPU
		{34A2B234-3037-4550-8E64-0063BD7F4859}.Release|x64.ActiveCfg = Release|Any CPU
		{34A2B234-3037-4550-8E64-0063BD7F4859}.Release|x64.Build.0 = Release|Any CPU
		{34A2B234-3037-4550-8E64-0063BD7F4859}.Release|x86.ActiveCfg = Release|Any CPU
		{34A2B234-3037-4550-8E64-0063BD7F4859}.Release|x86.Build.0 = Release|Any CPU
		{79B362A2-51FC-4633-AF3F-D4A04498142C}.Debug|Any CPU.ActiveCfg = Debug|Any CPU
		{79B362A2-51FC-4633-AF3F-D4A04498142C}.Debug|Any CPU.Build.0 = Debug|Any CPU
		{79B362A2-51FC-4633-AF3F-D4A04498142C}.Debug|x64.ActiveCfg = Debug|Any CPU
		{79B362A2-51FC-4633-AF3F-D4A04498142C}.Debug|x64.Build.0 = Debug|Any CPU
		{79B362A2-51FC-4633-AF3F-D4A04498142C}.Debug|x86.ActiveCfg = Debug|Any CPU
		{79B362A2-51FC-4633-AF3F-D4A04498142C}.Debug|x86.Build.0 = Debug|Any CPU
		{79B362A2-51FC-4633-AF3F-D4A04498142C}.Release|Any CPU.ActiveCfg = Release|Any CPU
		{79B362A2-51FC-4633-AF3F-D4A04498142C}.Release|Any CPU.Build.0 = Release|Any CPU
		{79B362A2-51FC-4633-AF3F-D4A04498142C}.Release|x64.ActiveCfg = Release|Any CPU
		{79B362A2-51FC-4633-AF3F-D4A04498142C}.Release|x64.Build.0 = Release|Any CPU
		{79B362A2-51FC-4633-AF3F-D4A04498142C}.Release|x86.ActiveCfg = Release|Any CPU
		{79B362A2-51FC-4633-AF3F-D4A04498142C}.Release|x86.Build.0 = Release|Any CPU
		{4EBE62EB-95FD-43D6-A19D-4B9283940E92}.Debug|Any CPU.ActiveCfg = Debug|Any CPU
		{4EBE62EB-95FD-43D6-A19D-4B9283940E92}.Debug|Any CPU.Build.0 = Debug|Any CPU
		{4EBE62EB-95FD-43D6-A19D-4B9283940E92}.Debug|x64.ActiveCfg = Debug|Any CPU
		{4EBE62EB-95FD-43D6-A19D-4B9283940E92}.Debug|x64.Build.0 = Debug|Any CPU
		{4EBE62EB-95FD-43D6-A19D-4B9283940E92}.Debug|x86.ActiveCfg = Debug|Any CPU
		{4EBE62EB-95FD-43D6-A19D-4B9283940E92}.Debug|x86.Build.0 = Debug|Any CPU
		{4EBE62EB-95FD-43D6-A19D-4B9283940E92}.Release|Any CPU.ActiveCfg = Release|Any CPU
		{4EBE62EB-95FD-43D6-A19D-4B9283940E92}.Release|Any CPU.Build.0 = Release|Any CPU
		{4EBE62EB-95FD-43D6-A19D-4B9283940E92}.Release|x64.ActiveCfg = Release|Any CPU
		{4EBE62EB-95FD-43D6-A19D-4B9283940E92}.Release|x64.Build.0 = Release|Any CPU
		{4EBE62EB-95FD-43D6-A19D-4B9283940E92}.Release|x86.ActiveCfg = Release|Any CPU
		{4EBE62EB-95FD-43D6-A19D-4B9283940E92}.Release|x86.Build.0 = Release|Any CPU
		{D3A8EFD8-A470-4D24-95B0-C534F2406EC4}.Debug|Any CPU.ActiveCfg = Debug|Any CPU
		{D3A8EFD8-A470-4D24-95B0-C534F2406EC4}.Debug|Any CPU.Build.0 = Debug|Any CPU
		{D3A8EFD8-A470-4D24-95B0-C534F2406EC4}.Debug|x64.ActiveCfg = Debug|Any CPU
		{D3A8EFD8-A470-4D24-95B0-C534F2406EC4}.Debug|x64.Build.0 = Debug|Any CPU
		{D3A8EFD8-A470-4D24-95B0-C534F2406EC4}.Debug|x86.ActiveCfg = Debug|Any CPU
		{D3A8EFD8-A470-4D24-95B0-C534F2406EC4}.Debug|x86.Build.0 = Debug|Any CPU
		{D3A8EFD8-A470-4D24-95B0-C534F2406EC4}.Release|Any CPU.ActiveCfg = Release|Any CPU
		{D3A8EFD8-A470-4D24-95B0-C534F2406EC4}.Release|Any CPU.Build.0 = Release|Any CPU
		{D3A8EFD8-A470-4D24-95B0-C534F2406EC4}.Release|x64.ActiveCfg = Release|Any CPU
		{D3A8EFD8-A470-4D24-95B0-C534F2406EC4}.Release|x64.Build.0 = Release|Any CPU
		{D3A8EFD8-A470-4D24-95B0-C534F2406EC4}.Release|x86.ActiveCfg = Release|Any CPU
		{D3A8EFD8-A470-4D24-95B0-C534F2406EC4}.Release|x86.Build.0 = Release|Any CPU
		{23F6C82B-C89E-4051-AD0C-FD2EE6EFE9C3}.Debug|Any CPU.ActiveCfg = Debug|Any CPU
		{23F6C82B-C89E-4051-AD0C-FD2EE6EFE9C3}.Debug|Any CPU.Build.0 = Debug|Any CPU
		{23F6C82B-C89E-4051-AD0C-FD2EE6EFE9C3}.Debug|x64.ActiveCfg = Debug|Any CPU
		{23F6C82B-C89E-4051-AD0C-FD2EE6EFE9C3}.Debug|x64.Build.0 = Debug|Any CPU
		{23F6C82B-C89E-4051-AD0C-FD2EE6EFE9C3}.Debug|x86.ActiveCfg = Debug|Any CPU
		{23F6C82B-C89E-4051-AD0C-FD2EE6EFE9C3}.Debug|x86.Build.0 = Debug|Any CPU
		{23F6C82B-C89E-4051-AD0C-FD2EE6EFE9C3}.Release|Any CPU.ActiveCfg = Release|Any CPU
		{23F6C82B-C89E-4051-AD0C-FD2EE6EFE9C3}.Release|Any CPU.Build.0 = Release|Any CPU
		{23F6C82B-C89E-4051-AD0C-FD2EE6EFE9C3}.Release|x64.ActiveCfg = Release|Any CPU
		{23F6C82B-C89E-4051-AD0C-FD2EE6EFE9C3}.Release|x64.Build.0 = Release|Any CPU
		{23F6C82B-C89E-4051-AD0C-FD2EE6EFE9C3}.Release|x86.ActiveCfg = Release|Any CPU
		{23F6C82B-C89E-4051-AD0C-FD2EE6EFE9C3}.Release|x86.Build.0 = Release|Any CPU
		{62220B06-F461-477B-ACD3-7FAC46D26143}.Debug|Any CPU.ActiveCfg = Debug|Any CPU
		{62220B06-F461-477B-ACD3-7FAC46D26143}.Debug|Any CPU.Build.0 = Debug|Any CPU
		{62220B06-F461-477B-ACD3-7FAC46D26143}.Debug|x64.ActiveCfg = Debug|Any CPU
		{62220B06-F461-477B-ACD3-7FAC46D26143}.Debug|x64.Build.0 = Debug|Any CPU
		{62220B06-F461-477B-ACD3-7FAC46D26143}.Debug|x86.ActiveCfg = Debug|Any CPU
		{62220B06-F461-477B-ACD3-7FAC46D26143}.Debug|x86.Build.0 = Debug|Any CPU
		{62220B06-F461-477B-ACD3-7FAC46D26143}.Release|Any CPU.ActiveCfg = Release|Any CPU
		{62220B06-F461-477B-ACD3-7FAC46D26143}.Release|Any CPU.Build.0 = Release|Any CPU
		{62220B06-F461-477B-ACD3-7FAC46D26143}.Release|x64.ActiveCfg = Release|Any CPU
		{62220B06-F461-477B-ACD3-7FAC46D26143}.Release|x64.Build.0 = Release|Any CPU
		{62220B06-F461-477B-ACD3-7FAC46D26143}.Release|x86.ActiveCfg = Release|Any CPU
		{62220B06-F461-477B-ACD3-7FAC46D26143}.Release|x86.Build.0 = Release|Any CPU
		{702886C9-7EDB-4C71-9C37-105438204E34}.Debug|Any CPU.ActiveCfg = Debug|Any CPU
		{702886C9-7EDB-4C71-9C37-105438204E34}.Debug|Any CPU.Build.0 = Debug|Any CPU
		{702886C9-7EDB-4C71-9C37-105438204E34}.Debug|x64.ActiveCfg = Debug|Any CPU
		{702886C9-7EDB-4C71-9C37-105438204E34}.Debug|x64.Build.0 = Debug|Any CPU
		{702886C9-7EDB-4C71-9C37-105438204E34}.Debug|x86.ActiveCfg = Debug|Any CPU
		{702886C9-7EDB-4C71-9C37-105438204E34}.Debug|x86.Build.0 = Debug|Any CPU
		{702886C9-7EDB-4C71-9C37-105438204E34}.Release|Any CPU.ActiveCfg = Release|Any CPU
		{702886C9-7EDB-4C71-9C37-105438204E34}.Release|Any CPU.Build.0 = Release|Any CPU
		{702886C9-7EDB-4C71-9C37-105438204E34}.Release|x64.ActiveCfg = Release|Any CPU
		{702886C9-7EDB-4C71-9C37-105438204E34}.Release|x64.Build.0 = Release|Any CPU
		{702886C9-7EDB-4C71-9C37-105438204E34}.Release|x86.ActiveCfg = Release|Any CPU
		{702886C9-7EDB-4C71-9C37-105438204E34}.Release|x86.Build.0 = Release|Any CPU
		{2E40D078-506F-4679-B0AF-FF4F42511504}.Debug|Any CPU.ActiveCfg = Debug|Any CPU
		{2E40D078-506F-4679-B0AF-FF4F42511504}.Debug|Any CPU.Build.0 = Debug|Any CPU
		{2E40D078-506F-4679-B0AF-FF4F42511504}.Debug|x64.ActiveCfg = Debug|Any CPU
		{2E40D078-506F-4679-B0AF-FF4F42511504}.Debug|x64.Build.0 = Debug|Any CPU
		{2E40D078-506F-4679-B0AF-FF4F42511504}.Debug|x86.ActiveCfg = Debug|Any CPU
		{2E40D078-506F-4679-B0AF-FF4F42511504}.Debug|x86.Build.0 = Debug|Any CPU
		{2E40D078-506F-4679-B0AF-FF4F42511504}.Release|Any CPU.ActiveCfg = Release|Any CPU
		{2E40D078-506F-4679-B0AF-FF4F42511504}.Release|Any CPU.Build.0 = Release|Any CPU
		{2E40D078-506F-4679-B0AF-FF4F42511504}.Release|x64.ActiveCfg = Release|Any CPU
		{2E40D078-506F-4679-B0AF-FF4F42511504}.Release|x64.Build.0 = Release|Any CPU
		{2E40D078-506F-4679-B0AF-FF4F42511504}.Release|x86.ActiveCfg = Release|Any CPU
		{2E40D078-506F-4679-B0AF-FF4F42511504}.Release|x86.Build.0 = Release|Any CPU
		{CC56F989-C7C8-412A-808D-6DB59FDBA28C}.Debug|Any CPU.ActiveCfg = Debug|Any CPU
		{CC56F989-C7C8-412A-808D-6DB59FDBA28C}.Debug|Any CPU.Build.0 = Debug|Any CPU
		{CC56F989-C7C8-412A-808D-6DB59FDBA28C}.Debug|x64.ActiveCfg = Debug|Any CPU
		{CC56F989-C7C8-412A-808D-6DB59FDBA28C}.Debug|x64.Build.0 = Debug|Any CPU
		{CC56F989-C7C8-412A-808D-6DB59FDBA28C}.Debug|x86.ActiveCfg = Debug|Any CPU
		{CC56F989-C7C8-412A-808D-6DB59FDBA28C}.Debug|x86.Build.0 = Debug|Any CPU
		{CC56F989-C7C8-412A-808D-6DB59FDBA28C}.Release|Any CPU.ActiveCfg = Release|Any CPU
		{CC56F989-C7C8-412A-808D-6DB59FDBA28C}.Release|Any CPU.Build.0 = Release|Any CPU
		{CC56F989-C7C8-412A-808D-6DB59FDBA28C}.Release|x64.ActiveCfg = Release|Any CPU
		{CC56F989-C7C8-412A-808D-6DB59FDBA28C}.Release|x64.Build.0 = Release|Any CPU
		{CC56F989-C7C8-412A-808D-6DB59FDBA28C}.Release|x86.ActiveCfg = Release|Any CPU
		{CC56F989-C7C8-412A-808D-6DB59FDBA28C}.Release|x86.Build.0 = Release|Any CPU
		{6E7744F1-B9AD-4F0B-A12D-A38A28E03E7A}.Debug|Any CPU.ActiveCfg = Debug|Any CPU
		{6E7744F1-B9AD-4F0B-A12D-A38A28E03E7A}.Debug|Any CPU.Build.0 = Debug|Any CPU
		{6E7744F1-B9AD-4F0B-A12D-A38A28E03E7A}.Debug|x64.ActiveCfg = Debug|Any CPU
		{6E7744F1-B9AD-4F0B-A12D-A38A28E03E7A}.Debug|x64.Build.0 = Debug|Any CPU
		{6E7744F1-B9AD-4F0B-A12D-A38A28E03E7A}.Debug|x86.ActiveCfg = Debug|Any CPU
		{6E7744F1-B9AD-4F0B-A12D-A38A28E03E7A}.Debug|x86.Build.0 = Debug|Any CPU
		{6E7744F1-B9AD-4F0B-A12D-A38A28E03E7A}.Release|Any CPU.ActiveCfg = Release|Any CPU
		{6E7744F1-B9AD-4F0B-A12D-A38A28E03E7A}.Release|Any CPU.Build.0 = Release|Any CPU
		{6E7744F1-B9AD-4F0B-A12D-A38A28E03E7A}.Release|x64.ActiveCfg = Release|Any CPU
		{6E7744F1-B9AD-4F0B-A12D-A38A28E03E7A}.Release|x64.Build.0 = Release|Any CPU
		{6E7744F1-B9AD-4F0B-A12D-A38A28E03E7A}.Release|x86.ActiveCfg = Release|Any CPU
		{6E7744F1-B9AD-4F0B-A12D-A38A28E03E7A}.Release|x86.Build.0 = Release|Any CPU
		{F0E2DC86-E3F5-48BE-9C0E-B5EA24F43450}.Debug|Any CPU.ActiveCfg = Debug|Any CPU
		{F0E2DC86-E3F5-48BE-9C0E-B5EA24F43450}.Debug|Any CPU.Build.0 = Debug|Any CPU
		{F0E2DC86-E3F5-48BE-9C0E-B5EA24F43450}.Debug|x64.ActiveCfg = Debug|Any CPU
		{F0E2DC86-E3F5-48BE-9C0E-B5EA24F43450}.Debug|x64.Build.0 = Debug|Any CPU
		{F0E2DC86-E3F5-48BE-9C0E-B5EA24F43450}.Debug|x86.ActiveCfg = Debug|Any CPU
		{F0E2DC86-E3F5-48BE-9C0E-B5EA24F43450}.Debug|x86.Build.0 = Debug|Any CPU
		{F0E2DC86-E3F5-48BE-9C0E-B5EA24F43450}.Release|Any CPU.ActiveCfg = Release|Any CPU
		{F0E2DC86-E3F5-48BE-9C0E-B5EA24F43450}.Release|Any CPU.Build.0 = Release|Any CPU
		{F0E2DC86-E3F5-48BE-9C0E-B5EA24F43450}.Release|x64.ActiveCfg = Release|Any CPU
		{F0E2DC86-E3F5-48BE-9C0E-B5EA24F43450}.Release|x64.Build.0 = Release|Any CPU
		{F0E2DC86-E3F5-48BE-9C0E-B5EA24F43450}.Release|x86.ActiveCfg = Release|Any CPU
		{F0E2DC86-E3F5-48BE-9C0E-B5EA24F43450}.Release|x86.Build.0 = Release|Any CPU
		{97008820-DCC0-4001-A78E-3AACB96BCBDA}.Debug|Any CPU.ActiveCfg = Debug|Any CPU
		{97008820-DCC0-4001-A78E-3AACB96BCBDA}.Debug|Any CPU.Build.0 = Debug|Any CPU
		{97008820-DCC0-4001-A78E-3AACB96BCBDA}.Debug|x64.ActiveCfg = Debug|Any CPU
		{97008820-DCC0-4001-A78E-3AACB96BCBDA}.Debug|x64.Build.0 = Debug|Any CPU
		{97008820-DCC0-4001-A78E-3AACB96BCBDA}.Debug|x86.ActiveCfg = Debug|Any CPU
		{97008820-DCC0-4001-A78E-3AACB96BCBDA}.Debug|x86.Build.0 = Debug|Any CPU
		{97008820-DCC0-4001-A78E-3AACB96BCBDA}.Release|Any CPU.ActiveCfg = Release|Any CPU
		{97008820-DCC0-4001-A78E-3AACB96BCBDA}.Release|Any CPU.Build.0 = Release|Any CPU
		{97008820-DCC0-4001-A78E-3AACB96BCBDA}.Release|x64.ActiveCfg = Release|Any CPU
		{97008820-DCC0-4001-A78E-3AACB96BCBDA}.Release|x64.Build.0 = Release|Any CPU
		{97008820-DCC0-4001-A78E-3AACB96BCBDA}.Release|x86.ActiveCfg = Release|Any CPU
		{97008820-DCC0-4001-A78E-3AACB96BCBDA}.Release|x86.Build.0 = Release|Any CPU
		{AB4857F7-1085-43CB-A395-08E4C126A904}.Debug|Any CPU.ActiveCfg = Debug|Any CPU
		{AB4857F7-1085-43CB-A395-08E4C126A904}.Debug|Any CPU.Build.0 = Debug|Any CPU
		{AB4857F7-1085-43CB-A395-08E4C126A904}.Debug|x64.ActiveCfg = Debug|Any CPU
		{AB4857F7-1085-43CB-A395-08E4C126A904}.Debug|x64.Build.0 = Debug|Any CPU
		{AB4857F7-1085-43CB-A395-08E4C126A904}.Debug|x86.ActiveCfg = Debug|Any CPU
		{AB4857F7-1085-43CB-A395-08E4C126A904}.Debug|x86.Build.0 = Debug|Any CPU
		{AB4857F7-1085-43CB-A395-08E4C126A904}.Release|Any CPU.ActiveCfg = Release|Any CPU
		{AB4857F7-1085-43CB-A395-08E4C126A904}.Release|Any CPU.Build.0 = Release|Any CPU
		{AB4857F7-1085-43CB-A395-08E4C126A904}.Release|x64.ActiveCfg = Release|Any CPU
		{AB4857F7-1085-43CB-A395-08E4C126A904}.Release|x64.Build.0 = Release|Any CPU
		{AB4857F7-1085-43CB-A395-08E4C126A904}.Release|x86.ActiveCfg = Release|Any CPU
		{AB4857F7-1085-43CB-A395-08E4C126A904}.Release|x86.Build.0 = Release|Any CPU
		{1ECC576A-4260-4BEB-AAD3-D29D542D52B2}.Debug|Any CPU.ActiveCfg = Debug|Any CPU
		{1ECC576A-4260-4BEB-AAD3-D29D542D52B2}.Debug|Any CPU.Build.0 = Debug|Any CPU
		{1ECC576A-4260-4BEB-AAD3-D29D542D52B2}.Debug|x64.ActiveCfg = Debug|Any CPU
		{1ECC576A-4260-4BEB-AAD3-D29D542D52B2}.Debug|x64.Build.0 = Debug|Any CPU
		{1ECC576A-4260-4BEB-AAD3-D29D542D52B2}.Debug|x86.ActiveCfg = Debug|Any CPU
		{1ECC576A-4260-4BEB-AAD3-D29D542D52B2}.Debug|x86.Build.0 = Debug|Any CPU
		{1ECC576A-4260-4BEB-AAD3-D29D542D52B2}.Release|Any CPU.ActiveCfg = Release|Any CPU
		{1ECC576A-4260-4BEB-AAD3-D29D542D52B2}.Release|Any CPU.Build.0 = Release|Any CPU
		{1ECC576A-4260-4BEB-AAD3-D29D542D52B2}.Release|x64.ActiveCfg = Release|Any CPU
		{1ECC576A-4260-4BEB-AAD3-D29D542D52B2}.Release|x64.Build.0 = Release|Any CPU
		{1ECC576A-4260-4BEB-AAD3-D29D542D52B2}.Release|x86.ActiveCfg = Release|Any CPU
		{1ECC576A-4260-4BEB-AAD3-D29D542D52B2}.Release|x86.Build.0 = Release|Any CPU
		{93266808-00C8-4BA3-BA33-A8F1A0607B75}.Debug|Any CPU.ActiveCfg = Debug|Any CPU
		{93266808-00C8-4BA3-BA33-A8F1A0607B75}.Debug|Any CPU.Build.0 = Debug|Any CPU
		{93266808-00C8-4BA3-BA33-A8F1A0607B75}.Debug|x64.ActiveCfg = Debug|Any CPU
		{93266808-00C8-4BA3-BA33-A8F1A0607B75}.Debug|x64.Build.0 = Debug|Any CPU
		{93266808-00C8-4BA3-BA33-A8F1A0607B75}.Debug|x86.ActiveCfg = Debug|Any CPU
		{93266808-00C8-4BA3-BA33-A8F1A0607B75}.Debug|x86.Build.0 = Debug|Any CPU
		{93266808-00C8-4BA3-BA33-A8F1A0607B75}.Release|Any CPU.ActiveCfg = Release|Any CPU
		{93266808-00C8-4BA3-BA33-A8F1A0607B75}.Release|Any CPU.Build.0 = Release|Any CPU
		{93266808-00C8-4BA3-BA33-A8F1A0607B75}.Release|x64.ActiveCfg = Release|Any CPU
		{93266808-00C8-4BA3-BA33-A8F1A0607B75}.Release|x64.Build.0 = Release|Any CPU
		{93266808-00C8-4BA3-BA33-A8F1A0607B75}.Release|x86.ActiveCfg = Release|Any CPU
		{93266808-00C8-4BA3-BA33-A8F1A0607B75}.Release|x86.Build.0 = Release|Any CPU
		{1C510636-35FE-4461-80A5-78B669B7C703}.Debug|Any CPU.ActiveCfg = Debug|Any CPU
		{1C510636-35FE-4461-80A5-78B669B7C703}.Debug|Any CPU.Build.0 = Debug|Any CPU
		{1C510636-35FE-4461-80A5-78B669B7C703}.Debug|x64.ActiveCfg = Debug|Any CPU
		{1C510636-35FE-4461-80A5-78B669B7C703}.Debug|x64.Build.0 = Debug|Any CPU
		{1C510636-35FE-4461-80A5-78B669B7C703}.Debug|x86.ActiveCfg = Debug|Any CPU
		{1C510636-35FE-4461-80A5-78B669B7C703}.Debug|x86.Build.0 = Debug|Any CPU
		{1C510636-35FE-4461-80A5-78B669B7C703}.Release|Any CPU.ActiveCfg = Release|Any CPU
		{1C510636-35FE-4461-80A5-78B669B7C703}.Release|Any CPU.Build.0 = Release|Any CPU
		{1C510636-35FE-4461-80A5-78B669B7C703}.Release|x64.ActiveCfg = Release|Any CPU
		{1C510636-35FE-4461-80A5-78B669B7C703}.Release|x64.Build.0 = Release|Any CPU
		{1C510636-35FE-4461-80A5-78B669B7C703}.Release|x86.ActiveCfg = Release|Any CPU
		{1C510636-35FE-4461-80A5-78B669B7C703}.Release|x86.Build.0 = Release|Any CPU
		{8E2638E3-246A-4B24-877B-306349418F4F}.Debug|Any CPU.ActiveCfg = Debug|Any CPU
		{8E2638E3-246A-4B24-877B-306349418F4F}.Debug|Any CPU.Build.0 = Debug|Any CPU
		{8E2638E3-246A-4B24-877B-306349418F4F}.Debug|x64.ActiveCfg = Debug|Any CPU
		{8E2638E3-246A-4B24-877B-306349418F4F}.Debug|x64.Build.0 = Debug|Any CPU
		{8E2638E3-246A-4B24-877B-306349418F4F}.Debug|x86.ActiveCfg = Debug|Any CPU
		{8E2638E3-246A-4B24-877B-306349418F4F}.Debug|x86.Build.0 = Debug|Any CPU
		{8E2638E3-246A-4B24-877B-306349418F4F}.Release|Any CPU.ActiveCfg = Release|Any CPU
		{8E2638E3-246A-4B24-877B-306349418F4F}.Release|Any CPU.Build.0 = Release|Any CPU
		{8E2638E3-246A-4B24-877B-306349418F4F}.Release|x64.ActiveCfg = Release|Any CPU
		{8E2638E3-246A-4B24-877B-306349418F4F}.Release|x64.Build.0 = Release|Any CPU
		{8E2638E3-246A-4B24-877B-306349418F4F}.Release|x86.ActiveCfg = Release|Any CPU
		{8E2638E3-246A-4B24-877B-306349418F4F}.Release|x86.Build.0 = Release|Any CPU
		{EFB67351-A648-4EC7-9490-7B53E77A317B}.Debug|Any CPU.ActiveCfg = Debug|Any CPU
		{EFB67351-A648-4EC7-9490-7B53E77A317B}.Debug|Any CPU.Build.0 = Debug|Any CPU
		{EFB67351-A648-4EC7-9490-7B53E77A317B}.Debug|x64.ActiveCfg = Debug|Any CPU
		{EFB67351-A648-4EC7-9490-7B53E77A317B}.Debug|x64.Build.0 = Debug|Any CPU
		{EFB67351-A648-4EC7-9490-7B53E77A317B}.Debug|x86.ActiveCfg = Debug|Any CPU
		{EFB67351-A648-4EC7-9490-7B53E77A317B}.Debug|x86.Build.0 = Debug|Any CPU
		{EFB67351-A648-4EC7-9490-7B53E77A317B}.Release|Any CPU.ActiveCfg = Release|Any CPU
		{EFB67351-A648-4EC7-9490-7B53E77A317B}.Release|Any CPU.Build.0 = Release|Any CPU
		{EFB67351-A648-4EC7-9490-7B53E77A317B}.Release|x64.ActiveCfg = Release|Any CPU
		{EFB67351-A648-4EC7-9490-7B53E77A317B}.Release|x64.Build.0 = Release|Any CPU
		{EFB67351-A648-4EC7-9490-7B53E77A317B}.Release|x86.ActiveCfg = Release|Any CPU
		{EFB67351-A648-4EC7-9490-7B53E77A317B}.Release|x86.Build.0 = Release|Any CPU
		{0985FD21-70AC-45C5-9315-BB999D7D3927}.Debug|Any CPU.ActiveCfg = Debug|Any CPU
		{0985FD21-70AC-45C5-9315-BB999D7D3927}.Debug|Any CPU.Build.0 = Debug|Any CPU
		{0985FD21-70AC-45C5-9315-BB999D7D3927}.Debug|x64.ActiveCfg = Debug|Any CPU
		{0985FD21-70AC-45C5-9315-BB999D7D3927}.Debug|x64.Build.0 = Debug|Any CPU
		{0985FD21-70AC-45C5-9315-BB999D7D3927}.Debug|x86.ActiveCfg = Debug|Any CPU
		{0985FD21-70AC-45C5-9315-BB999D7D3927}.Debug|x86.Build.0 = Debug|Any CPU
		{0985FD21-70AC-45C5-9315-BB999D7D3927}.Release|Any CPU.ActiveCfg = Release|Any CPU
		{0985FD21-70AC-45C5-9315-BB999D7D3927}.Release|Any CPU.Build.0 = Release|Any CPU
		{0985FD21-70AC-45C5-9315-BB999D7D3927}.Release|x64.ActiveCfg = Release|Any CPU
		{0985FD21-70AC-45C5-9315-BB999D7D3927}.Release|x64.Build.0 = Release|Any CPU
		{0985FD21-70AC-45C5-9315-BB999D7D3927}.Release|x86.ActiveCfg = Release|Any CPU
		{0985FD21-70AC-45C5-9315-BB999D7D3927}.Release|x86.Build.0 = Release|Any CPU
	EndGlobalSection
	GlobalSection(SolutionProperties) = preSolution
		HideSolutionNode = FALSE
	EndGlobalSection
	GlobalSection(NestedProjects) = preSolution
		{17962D1D-EA69-4A2C-8FC5-9DFAFEDA9EDE} = {7533F0C1-C462-48E3-BD47-F464B8BF974F}
		{991A5A79-7446-4738-8132-B74947063BDF} = {7533F0C1-C462-48E3-BD47-F464B8BF974F}
		{A8FA1899-AF16-43F4-A33B-130C41600E46} = {61A6AACC-0C96-4F45-AEC4-FA4F2D275868}
		{FE280F87-0718-4301-99BA-C698AEE66D4E} = {7533F0C1-C462-48E3-BD47-F464B8BF974F}
		{92D47AC8-C4D6-4277-8A40-30994FC4967E} = {61A6AACC-0C96-4F45-AEC4-FA4F2D275868}
		{E7E6B881-2BD3-4103-A32E-FDA00F70BA56} = {15FF4A91-B3F4-410F-9317-CC23EDF60D0F}
		{36185B47-68D4-41BD-83A3-EF1C4EABFBD2} = {EA4397C4-3756-E86B-71D8-301E6CD2193E}
		{C10C159A-E8A9-4668-A866-82C0E83A485F} = {EA4397C4-3756-E86B-71D8-301E6CD2193E}
		{532B98E1-FE58-4001-836D-C93E1C543C06} = {EA4397C4-3756-E86B-71D8-301E6CD2193E}
		{65D58820-0B81-4FED-92DA-CE2C10E89AF4} = {C24F7C90-6AF5-71FC-EFC1-B2C43122898C}
		{01CF4A4E-D9BA-4FC3-B495-5FA1E57CF165} = {C24F7C90-6AF5-71FC-EFC1-B2C43122898C}
		{23D149DF-A33E-408A-BA4B-37AE2DD67F0F} = {C24F7C90-6AF5-71FC-EFC1-B2C43122898C}
		{6EC41E9B-85A1-4B69-87AE-2C9CF7CF076E} = {D1363AB8-B8C0-8967-0DFE-B2290D43A7D2}
		{55995439-D88A-491B-AF22-E2271F2C38EB} = {7533F0C1-C462-48E3-BD47-F464B8BF974F}
		{B44577F0-55B9-416A-82A7-CB0494993BA5} = {EA4397C4-3756-E86B-71D8-301E6CD2193E}
		{24D29D0C-3A09-4A19-B28D-E176874A315E} = {C24F7C90-6AF5-71FC-EFC1-B2C43122898C}
		{E9BC57EE-77FB-4B2E-BB43-55959EEC4C34} = {15FF4A91-B3F4-410F-9317-CC23EDF60D0F}
		{E482CD23-5E4F-49A6-BC83-B816FF7AE735} = {D9F78987-41C9-1FA5-2A17-DF30F2333CD8}
		{27AD71F5-8571-4615-AB71-F7B3B2C46534} = {D9F78987-41C9-1FA5-2A17-DF30F2333CD8}
		{1CDEB1F5-4DBE-4C57-B2D6-87CD91FED17D} = {D9F78987-41C9-1FA5-2A17-DF30F2333CD8}
		{33DF91EF-F216-4ACF-B3D7-0B8094A21554} = {D9F78987-41C9-1FA5-2A17-DF30F2333CD8}
		{8A0C6D62-F648-45F1-B846-1DF4BC9BA659} = {BC32782B-3DC9-3934-259F-F436AC525407}
		{1520B20B-1E46-489A-9967-5D460D653A0C} = {BC32782B-3DC9-3934-259F-F436AC525407}
		{34A2B234-3037-4550-8E64-0063BD7F4859} = {BC32782B-3DC9-3934-259F-F436AC525407}
		{79B362A2-51FC-4633-AF3F-D4A04498142C} = {BC32782B-3DC9-3934-259F-F436AC525407}
		{4EBE62EB-95FD-43D6-A19D-4B9283940E92} = {245AC2C2-169F-7439-7A17-46DCAF344A17}
		{D3A8EFD8-A470-4D24-95B0-C534F2406EC4} = {245AC2C2-169F-7439-7A17-46DCAF344A17}
		{23F6C82B-C89E-4051-AD0C-FD2EE6EFE9C3} = {245AC2C2-169F-7439-7A17-46DCAF344A17}
		{62220B06-F461-477B-ACD3-7FAC46D26143} = {245AC2C2-169F-7439-7A17-46DCAF344A17}
		{702886C9-7EDB-4C71-9C37-105438204E34} = {15FF4A91-B3F4-410F-9317-CC23EDF60D0F}
		{2E40D078-506F-4679-B0AF-FF4F42511504} = {15FF4A91-B3F4-410F-9317-CC23EDF60D0F}
		{CC56F989-C7C8-412A-808D-6DB59FDBA28C} = {7533F0C1-C462-48E3-BD47-F464B8BF974F}
		{6E7744F1-B9AD-4F0B-A12D-A38A28E03E7A} = {EA4397C4-3756-E86B-71D8-301E6CD2193E}
		{F0E2DC86-E3F5-48BE-9C0E-B5EA24F43450} = {C24F7C90-6AF5-71FC-EFC1-B2C43122898C}
		{97008820-DCC0-4001-A78E-3AACB96BCBDA} = {0AB3BF05-4346-4AA6-1389-037BE0695223}
		{AB4857F7-1085-43CB-A395-08E4C126A904} = {F346F1B4-A909-D22B-7777-AEA5C3207521}
		{1ECC576A-4260-4BEB-AAD3-D29D542D52B2} = {859E7471-FF01-B46E-AFFD-8A1C5F637073}
		{93266808-00C8-4BA3-BA33-A8F1A0607B75} = {859E7471-FF01-B46E-AFFD-8A1C5F637073}
		{1C510636-35FE-4461-80A5-78B669B7C703} = {859E7471-FF01-B46E-AFFD-8A1C5F637073}
		{8E2638E3-246A-4B24-877B-306349418F4F} = {083D166D-AE52-A328-513F-2F5663B9A1C7}
		{EFB67351-A648-4EC7-9490-7B53E77A317B} = {083D166D-AE52-A328-513F-2F5663B9A1C7}
		{0985FD21-70AC-45C5-9315-BB999D7D3927} = {083D166D-AE52-A328-513F-2F5663B9A1C7}
	EndGlobalSection
	GlobalSection(ExtensibilityGlobals) = postSolution
		SolutionGuid = {FE3BEF9D-AF6C-4272-863D-F91D8916A0C6}
	EndGlobalSection
EndGlobal
