
Microsoft Visual Studio Solution File, Format Version 12.00
# Visual Studio Version 16
VisualStudioVersion = 16.0.30717.126
MinimumVisualStudioVersion = 15.0.26124.0
Project("{2150E333-8FDC-42A3-9474-1A3956D46DE8}") = "Product", "Product", "{7533F0C1-C462-48E3-BD47-F464B8BF974F}"
EndProject
Project("{2150E333-8FDC-42A3-9474-1A3956D46DE8}") = "Domain", "Domain", "{61A6AACC-0C96-4F45-AEC4-FA4F2D275868}"
EndProject
Project("{9A19103F-16F7-4668-BE54-9A1E7A4F7556}") = "Product.Service", "product-service\Product.Service\Product.Service.csproj", "{17962D1D-EA69-4A2C-8FC5-9DFAFEDA9EDE}"
EndProject
Project("{9A19103F-16F7-4668-BE54-9A1E7A4F7556}") = "Product.Infrastructure", "product-service\Product.Infrastructure\Product.Infrastructure.csproj", "{991A5A79-7446-4738-8132-B74947063BDF}"
EndProject
Project("{9A19103F-16F7-4668-BE54-9A1E7A4F7556}") = "Ecommerce.Model", "domain\Ecommerce.Model\Ecommerce.Model.csproj", "{A8FA1899-AF16-43F4-A33B-130C41600E46}"
EndProject
Project("{FAE04EC0-301F-11D3-BF4B-00C04F79EFBC}") = "Product.Application", "product-service\Product.Application\Product.Application.csproj", "{FE280F87-0718-4301-99BA-C698AEE66D4E}"
EndProject
Global
	GlobalSection(SolutionConfigurationPlatforms) = preSolution
		Debug|Any CPU = Debug|Any CPU
		Debug|x64 = Debug|x64
		Debug|x86 = Debug|x86
		Release|Any CPU = Release|Any CPU
		Release|x64 = Release|x64
		Release|x86 = Release|x86
	EndGlobalSection
	GlobalSection(ProjectConfigurationPlatforms) = postSolution
		{17962D1D-EA69-4A2C-8FC5-9DFAFEDA9EDE}.Debug|Any CPU.ActiveCfg = Debug|Any CPU
		{17962D1D-EA69-4A2C-8FC5-9DFAFEDA9EDE}.Debug|Any CPU.Build.0 = Debug|Any CPU
		{17962D1D-EA69-4A2C-8FC5-9DFAFEDA9EDE}.Debug|x64.ActiveCfg = Debug|Any CPU
		{17962D1D-EA69-4A2C-8FC5-9DFAFEDA9EDE}.Debug|x64.Build.0 = Debug|Any CPU
		{17962D1D-EA69-4A2C-8FC5-9DFAFEDA9EDE}.Debug|x86.ActiveCfg = Debug|Any CPU
		{17962D1D-EA69-4A2C-8FC5-9DFAFEDA9EDE}.Debug|x86.Build.0 = Debug|Any CPU
		{17962D1D-EA69-4A2C-8FC5-9DFAFEDA9EDE}.Release|Any CPU.ActiveCfg = Release|Any CPU
		{17962D1D-EA69-4A2C-8FC5-9DFAFEDA9EDE}.Release|Any CPU.Build.0 = Release|Any CPU
		{17962D1D-EA69-4A2C-8FC5-9DFAFEDA9EDE}.Release|x64.ActiveCfg = Release|Any CPU
		{17962D1D-EA69-4A2C-8FC5-9DFAFEDA9EDE}.Release|x64.Build.0 = Release|Any CPU
		{17962D1D-EA69-4A2C-8FC5-9DFAFEDA9EDE}.Release|x86.ActiveCfg = Release|Any CPU
		{17962D1D-EA69-4A2C-8FC5-9DFAFEDA9EDE}.Release|x86.Build.0 = Release|Any CPU
		{991A5A79-7446-4738-8132-B74947063BDF}.Debug|Any CPU.ActiveCfg = Debug|Any CPU
		{991A5A79-7446-4738-8132-B74947063BDF}.Debug|Any CPU.Build.0 = Debug|Any CPU
		{991A5A79-7446-4738-8132-B74947063BDF}.Debug|x64.ActiveCfg = Debug|Any CPU
		{991A5A79-7446-4738-8132-B74947063BDF}.Debug|x64.Build.0 = Debug|Any CPU
		{991A5A79-7446-4738-8132-B74947063BDF}.Debug|x86.ActiveCfg = Debug|Any CPU
		{991A5A79-7446-4738-8132-B74947063BDF}.Debug|x86.Build.0 = Debug|Any CPU
		{991A5A79-7446-4738-8132-B74947063BDF}.Release|Any CPU.ActiveCfg = Release|Any CPU
		{991A5A79-7446-4738-8132-B74947063BDF}.Release|Any CPU.Build.0 = Release|Any CPU
		{991A5A79-7446-4738-8132-B74947063BDF}.Release|x64.ActiveCfg = Release|Any CPU
		{991A5A79-7446-4738-8132-B74947063BDF}.Release|x64.Build.0 = Release|Any CPU
		{991A5A79-7446-4738-8132-B74947063BDF}.Release|x86.ActiveCfg = Release|Any CPU
		{991A5A79-7446-4738-8132-B74947063BDF}.Release|x86.Build.0 = Release|Any CPU
		{A8FA1899-AF16-43F4-A33B-130C41600E46}.Debug|Any CPU.ActiveCfg = Debug|Any CPU
		{A8FA1899-AF16-43F4-A33B-130C41600E46}.Debug|Any CPU.Build.0 = Debug|Any CPU
		{A8FA1899-AF16-43F4-A33B-130C41600E46}.Debug|x64.ActiveCfg = Debug|Any CPU
		{A8FA1899-AF16-43F4-A33B-130C41600E46}.Debug|x64.Build.0 = Debug|Any CPU
		{A8FA1899-AF16-43F4-A33B-130C41600E46}.Debug|x86.ActiveCfg = Debug|Any CPU
		{A8FA1899-AF16-43F4-A33B-130C41600E46}.Debug|x86.Build.0 = Debug|Any CPU
		{A8FA1899-AF16-43F4-A33B-130C41600E46}.Release|Any CPU.ActiveCfg = Release|Any CPU
		{A8FA1899-AF16-43F4-A33B-130C41600E46}.Release|Any CPU.Build.0 = Release|Any CPU
		{A8FA1899-AF16-43F4-A33B-130C41600E46}.Release|x64.ActiveCfg = Release|Any CPU
		{A8FA1899-AF16-43F4-A33B-130C41600E46}.Release|x64.Build.0 = Release|Any CPU
		{A8FA1899-AF16-43F4-A33B-130C41600E46}.Release|x86.ActiveCfg = Release|Any CPU
		{A8FA1899-AF16-43F4-A33B-130C41600E46}.Release|x86.Build.0 = Release|Any CPU
		{FE280F87-0718-4301-99BA-C698AEE66D4E}.Debug|Any CPU.ActiveCfg = Debug|Any CPU
		{FE280F87-0718-4301-99BA-C698AEE66D4E}.Debug|Any CPU.Build.0 = Debug|Any CPU
		{FE280F87-0718-4301-99BA-C698AEE66D4E}.Debug|x64.ActiveCfg = Debug|Any CPU
		{FE280F87-0718-4301-99BA-C698AEE66D4E}.Debug|x64.Build.0 = Debug|Any CPU
		{FE280F87-0718-4301-99BA-C698AEE66D4E}.Debug|x86.ActiveCfg = Debug|Any CPU
		{FE280F87-0718-4301-99BA-C698AEE66D4E}.Debug|x86.Build.0 = Debug|Any CPU
		{FE280F87-0718-4301-99BA-C698AEE66D4E}.Release|Any CPU.ActiveCfg = Release|Any CPU
		{FE280F87-0718-4301-99BA-C698AEE66D4E}.Release|Any CPU.Build.0 = Release|Any CPU
		{FE280F87-0718-4301-99BA-C698AEE66D4E}.Release|x64.ActiveCfg = Release|Any CPU
		{FE280F87-0718-4301-99BA-C698AEE66D4E}.Release|x64.Build.0 = Release|Any CPU
		{FE280F87-0718-4301-99BA-C698AEE66D4E}.Release|x86.ActiveCfg = Release|Any CPU
		{FE280F87-0718-4301-99BA-C698AEE66D4E}.Release|x86.Build.0 = Release|Any CPU
	EndGlobalSection
	GlobalSection(SolutionProperties) = preSolution
		HideSolutionNode = FALSE
	EndGlobalSection
	GlobalSection(NestedProjects) = preSolution
		{17962D1D-EA69-4A2C-8FC5-9DFAFEDA9EDE} = {7533F0C1-C462-48E3-BD47-F464B8BF974F}
		{991A5A79-7446-4738-8132-B74947063BDF} = {7533F0C1-C462-48E3-BD47-F464B8BF974F}
		{A8FA1899-AF16-43F4-A33B-130C41600E46} = {61A6AACC-0C96-4F45-AEC4-FA4F2D275868}
		{FE280F87-0718-4301-99BA-C698AEE66D4E} = {7533F0C1-C462-48E3-BD47-F464B8BF974F}
	EndGlobalSection
	GlobalSection(ExtensibilityGlobals) = postSolution
		SolutionGuid = {FE3BEF9D-AF6C-4272-863D-F91D8916A0C6}
	EndGlobalSection
EndGlobal
