
Microsoft Visual Studio Solution File, Format Version 12.00
# Visual Studio Version 16
VisualStudioVersion = 16.0.30717.126
MinimumVisualStudioVersion = 15.0.26124.0
Project("{2150E333-8FDC-42A3-9474-1A3956D46DE8}") = "Product", "Product", "{7533F0C1-C462-48E3-BD47-F464B8BF974F}"
EndProject
Project("{2150E333-8FDC-42A3-9474-1A3956D46DE8}") = "Domain", "Domain", "{61A6AACC-0C96-4F45-AEC4-FA4F2D275868}"
EndProject
Project("{9A19103F-16F7-4668-BE54-9A1E7A4F7556}") = "Product.Service", "product-service\Product.Service\Product.Service.csproj", "{17962D1D-EA69-4A2C-8FC5-9DFAFEDA9EDE}"
EndProject
Project("{9A19103F-16F7-4668-BE54-9A1E7A4F7556}") = "Product.Infrastructure", "product-service\Product.Infrastructure\Product.Infrastructure.csproj", "{991A5A79-7446-4738-8132-B74947063BDF}"
EndProject
Project("{9A19103F-16F7-4668-BE54-9A1E7A4F7556}") = "Ecommerce.Model", "domain\Ecommerce.Model\Ecommerce.Model.csproj", "{A8FA1899-AF16-43F4-A33B-130C41600E46}"
EndProject
Project("{FAE04EC0-301F-11D3-BF4B-00C04F79EFBC}") = "Product.Application", "product-service\Product.Application\Product.Application.csproj", "{FE280F87-0718-4301-99BA-C698AEE66D4E}"
EndProject
Project("{FAE04EC0-301F-11D3-BF4B-00C04F79EFBC}") = "Ecommerce.Events", "domain\Ecommerce.Events\Ecommerce.Events.csproj", "{92D47AC8-C4D6-4277-8A40-30994FC4967E}"
EndProject
Project("{2150E333-8FDC-42A3-9474-1A3956D46DE8}") = "Shared", "Shared", "{15FF4A91-B3F4-410F-9317-CC23EDF60D0F}"
EndProject
Project("{FAE04EC0-301F-11D3-BF4B-00C04F79EFBC}") = "Ecommerce.Shared.Infrastructure", "shared\Ecommerce.Shared.Infrastructure\Ecommerce.Shared.Infrastructure.csproj", "{E7E6B881-2BD3-4103-A32E-FDA00F70BA56}"
EndProject
Project("{2150E333-8FDC-42A3-9474-1A3956D46DE8}") = "Order", "Order", "{EA4397C4-3756-E86B-71D8-301E6CD2193E}"
EndProject
Project("{FAE04EC0-301F-11D3-BF4B-00C04F79EFBC}") = "Order.Application", "order-service\Order.Application\Order.Application.csproj", "{36185B47-68D4-41BD-83A3-EF1C4EABFBD2}"
EndProject
Project("{FAE04EC0-301F-11D3-BF4B-00C04F79EFBC}") = "Order.Infrastructure", "order-service\Order.Infrastructure\Order.Infrastructure.csproj", "{C10C159A-E8A9-4668-A866-82C0E83A485F}"
EndProject
Project("{FAE04EC0-301F-11D3-BF4B-00C04F79EFBC}") = "Order.Service", "order-service\Order.Service\Order.Service.csproj", "{532B98E1-FE58-4001-836D-C93E1C543C06}"
EndProject
Project("{2150E333-8FDC-42A3-9474-1A3956D46DE8}") = "Stock", "Stock", "{C24F7C90-6AF5-71FC-EFC1-B2C43122898C}"
EndProject
Project("{FAE04EC0-301F-11D3-BF4B-00C04F79EFBC}") = "Stock.Application", "stock-service\Stock.Application\Stock.Application.csproj", "{65D58820-0B81-4FED-92DA-CE2C10E89AF4}"
EndProject
Project("{FAE04EC0-301F-11D3-BF4B-00C04F79EFBC}") = "Stock.Infrastructure", "stock-service\Stock.Infrastructure\Stock.Infrastructure.csproj", "{01CF4A4E-D9BA-4FC3-B495-5FA1E57CF165}"
EndProject
Project("{FAE04EC0-301F-11D3-BF4B-00C04F79EFBC}") = "Stock.Service", "stock-service\Stock.Service\Stock.Service.csproj", "{23D149DF-A33E-408A-BA4B-37AE2DD67F0F}"
EndProject
Project("{2150E333-8FDC-42A3-9474-1A3956D46DE8}") = "DataSeeder", "DataSeeder", "{D1363AB8-B8C0-8967-0DFE-B2290D43A7D2}"
EndProject
Project("{FAE04EC0-301F-11D3-BF4B-00C04F79EFBC}") = "DataSeeder", "data-seeder\DataSeeder\DataSeeder.csproj", "{6EC41E9B-85A1-4B69-87AE-2C9CF7CF076E}"
EndProject
Project("{FAE04EC0-301F-11D3-BF4B-00C04F79EFBC}") = "Product.Application.Tests", "product-service\Product.Application.Tests\Product.Application.Tests.csproj", "{55995439-D88A-491B-AF22-E2271F2C38EB}"
EndProject
Project("{FAE04EC0-301F-11D3-BF4B-00C04F79EFBC}") = "Order.Application.Tests", "order-service\Order.Application.Tests\Order.Application.Tests.csproj", "{B44577F0-55B9-416A-82A7-CB0494993BA5}"
EndProject
Project("{FAE04EC0-301F-11D3-BF4B-00C04F79EFBC}") = "Stock.Application.Tests", "stock-service\Stock.Application.Tests\Stock.Application.Tests.csproj", "{24D29D0C-3A09-4A19-B28D-E176874A315E}"
EndProject
Project("{FAE04EC0-301F-11D3-BF4B-00C04F79EFBC}") = "Ecommerce.Shared.Infrastructure.Tests", "shared\Ecommerce.Shared.Infrastructure.Tests\Ecommerce.Shared.Infrastructure.Tests.csproj", "{E9BC57EE-77FB-4B2E-BB43-55959EEC4C34}"
EndProject
Project("{2150E333-8FDC-42A3-9474-1A3956D46DE8}") = "User", "User", "{D9F78987-41C9-1FA5-2A17-DF30F2333CD8}"
EndProject
Project("{FAE04EC0-301F-11D3-BF4B-00C04F79EFBC}") = "User.Application", "user-service\User.Application\User.Application.csproj", "{E482CD23-5E4F-49A6-BC83-B816FF7AE735}"
EndProject
Project("{FAE04EC0-301F-11D3-BF4B-00C04F79EFBC}") = "User.Infrastructure", "user-service\User.Infrastructure\User.Infrastructure.csproj", "{27AD71F5-8571-4615-AB71-F7B3B2C46534}"
EndProject
Project("{FAE04EC0-301F-11D3-BF4B-00C04F79EFBC}") = "User.Service", "user-service\User.Service\User.Service.csproj", "{1CDEB1F5-4DBE-4C57-B2D6-87CD91FED17D}"
EndProject
Project("{FAE04EC0-301F-11D3-BF4B-00C04F79EFBC}") = "User.Application.Tests", "user-service\User.Application.Tests\User.Application.Tests.csproj", "{33DF91EF-F216-4ACF-B3D7-0B8094A21554}"
EndProject
Project("{2150E333-8FDC-42A3-9474-1A3956D46DE8}") = "Payment", "Payment", "{BC32782B-3DC9-3934-259F-F436AC525407}"
EndProject
Project("{FAE04EC0-301F-11D3-BF4B-00C04F79EFBC}") = "Payment.Application", "payment-service\Payment.Application\Payment.Application.csproj", "{8A0C6D62-F648-45F1-B846-1DF4BC9BA659}"
EndProject
Project("{FAE04EC0-301F-11D3-BF4B-00C04F79EFBC}") = "Payment.Infrastructure", "payment-service\Payment.Infrastructure\Payment.Infrastructure.csproj", "{1520B20B-1E46-489A-9967-5D460D653A0C}"
EndProject
Project("{FAE04EC0-301F-11D3-BF4B-00C04F79EFBC}") = "Payment.Service", "payment-service\Payment.Service\Payment.Service.csproj", "{34A2B234-3037-4550-8E64-0063BD7F4859}"
EndProject
Project("{FAE04EC0-301F-11D3-BF4B-00C04F79EFBC}") = "Payment.Application.Tests", "payment-service\Payment.Application.Tests\Payment.Application.Tests.csproj", "{79B362A2-51FC-4633-AF3F-D4A04498142C}"
EndProject
Project("{2150E333-8FDC-42A3-9474-1A3956D46DE8}") = "cart-service", "cart-service", "{245AC2C2-169F-7439-7A17-46DCAF344A17}"
EndProject
Project("{FAE04EC0-301F-11D3-BF4B-00C04F79EFBC}") = "Cart.Application", "cart-service\Cart.Application\Cart.Application.csproj", "{4EBE62EB-95FD-43D6-A19D-4B9283940E92}"
EndProject
Project("{FAE04EC0-301F-11D3-BF4B-00C04F79EFBC}") = "Cart.Infrastructure", "cart-service\Cart.Infrastructure\Cart.Infrastructure.csproj", "{D3A8EFD8-A470-4D24-95B0-C534F2406EC4}"
EndProject
Project("{FAE04EC0-301F-11D3-BF4B-00C04F79EFBC}") = "Cart.Service", "cart-service\Cart.Service\Cart.Service.csproj", "{23F6C82B-C89E-4051-AD0C-FD2EE6EFE9C3}"
EndProject
Project("{FAE04EC0-301F-11D3-BF4B-00C04F79EFBC}") = "Cart.Application.Tests", "cart-service\Cart.Application.Tests\Cart.Application.Tests.csproj", "{62220B06-F461-477B-ACD3-7FAC46D26143}"
EndProject
Project("{FAE04EC0-301F-11D3-BF4B-00C04F79EFBC}") = "Ecommerce.Shared.Protos", "shared\Ecommerce.Shared.Protos\Ecommerce.Shared.Protos.csproj", "{702886C9-7EDB-4C71-9C37-105438204E34}"
EndProject
Project("{FAE04EC0-301F-11D3-BF4B-00C04F79EFBC}") = "Ecommerce.Shared.GrpcClients", "shared\Ecommerce.Shared.GrpcClients\Ecommerce.Shared.GrpcClients.csproj", "{2E40D078-506F-4679-B0AF-FF4F42511504}"
EndProject
Global
	GlobalSection(SolutionConfigurationPlatforms) = preSolution
		Debug|Any CPU = Debug|Any CPU
		Debug|x64 = Debug|x64
		Debug|x86 = Debug|x86
		Release|Any CPU = Release|Any CPU
		Release|x64 = Release|x64
		Release|x86 = Release|x86
	EndGlobalSection
	GlobalSection(ProjectConfigurationPlatforms) = postSolution
		{17962D1D-EA69-4A2C-8FC5-9DFAFEDA9EDE}.Debug|Any CPU.ActiveCfg = Debug|Any CPU
		{17962D1D-EA69-4A2C-8FC5-9DFAFEDA9EDE}.Debug|Any CPU.Build.0 = Debug|Any CPU
		{17962D1D-EA69-4A2C-8FC5-9DFAFEDA9EDE}.Debug|x64.ActiveCfg = Debug|Any CPU
		{17962D1D-EA69-4A2C-8FC5-9DFAFEDA9EDE}.Debug|x64.Build.0 = Debug|Any CPU
		{17962D1D-EA69-4A2C-8FC5-9DFAFEDA9EDE}.Debug|x86.ActiveCfg = Debug|Any CPU
		{17962D1D-EA69-4A2C-8FC5-9DFAFEDA9EDE}.Debug|x86.Build.0 = Debug|Any CPU
		{17962D1D-EA69-4A2C-8FC5-9DFAFEDA9EDE}.Release|Any CPU.ActiveCfg = Release|Any CPU
		{17962D1D-EA69-4A2C-8FC5-9DFAFEDA9EDE}.Release|Any CPU.Build.0 = Release|Any CPU
		{17962D1D-EA69-4A2C-8FC5-9DFAFEDA9EDE}.Release|x64.ActiveCfg = Release|Any CPU
		{17962D1D-EA69-4A2C-8FC5-9DFAFEDA9EDE}.Release|x64.Build.0 = Release|Any CPU
		{17962D1D-EA69-4A2C-8FC5-9DFAFEDA9EDE}.Release|x86.ActiveCfg = Release|Any CPU
		{17962D1D-EA69-4A2C-8FC5-9DFAFEDA9EDE}.Release|x86.Build.0 = Release|Any CPU
		{991A5A79-7446-4738-8132-B74947063BDF}.Debug|Any CPU.ActiveCfg = Debug|Any CPU
		{991A5A79-7446-4738-8132-B74947063BDF}.Debug|Any CPU.Build.0 = Debug|Any CPU
		{991A5A79-7446-4738-8132-B74947063BDF}.Debug|x64.ActiveCfg = Debug|Any CPU
		{991A5A79-7446-4738-8132-B74947063BDF}.Debug|x64.Build.0 = Debug|Any CPU
		{991A5A79-7446-4738-8132-B74947063BDF}.Debug|x86.ActiveCfg = Debug|Any CPU
		{991A5A79-7446-4738-8132-B74947063BDF}.Debug|x86.Build.0 = Debug|Any CPU
		{991A5A79-7446-4738-8132-B74947063BDF}.Release|Any CPU.ActiveCfg = Release|Any CPU
		{991A5A79-7446-4738-8132-B74947063BDF}.Release|Any CPU.Build.0 = Release|Any CPU
		{991A5A79-7446-4738-8132-B74947063BDF}.Release|x64.ActiveCfg = Release|Any CPU
		{991A5A79-7446-4738-8132-B74947063BDF}.Release|x64.Build.0 = Release|Any CPU
		{991A5A79-7446-4738-8132-B74947063BDF}.Release|x86.ActiveCfg = Release|Any CPU
		{991A5A79-7446-4738-8132-B74947063BDF}.Release|x86.Build.0 = Release|Any CPU
		{A8FA1899-AF16-43F4-A33B-130C41600E46}.Debug|Any CPU.ActiveCfg = Debug|Any CPU
		{A8FA1899-AF16-43F4-A33B-130C41600E46}.Debug|Any CPU.Build.0 = Debug|Any CPU
		{A8FA1899-AF16-43F4-A33B-130C41600E46}.Debug|x64.ActiveCfg = Debug|Any CPU
		{A8FA1899-AF16-43F4-A33B-130C41600E46}.Debug|x64.Build.0 = Debug|Any CPU
		{A8FA1899-AF16-43F4-A33B-130C41600E46}.Debug|x86.ActiveCfg = Debug|Any CPU
		{A8FA1899-AF16-43F4-A33B-130C41600E46}.Debug|x86.Build.0 = Debug|Any CPU
		{A8FA1899-AF16-43F4-A33B-130C41600E46}.Release|Any CPU.ActiveCfg = Release|Any CPU
		{A8FA1899-AF16-43F4-A33B-130C41600E46}.Release|Any CPU.Build.0 = Release|Any CPU
		{A8FA1899-AF16-43F4-A33B-130C41600E46}.Release|x64.ActiveCfg = Release|Any CPU
		{A8FA1899-AF16-43F4-A33B-130C41600E46}.Release|x64.Build.0 = Release|Any CPU
		{A8FA1899-AF16-43F4-A33B-130C41600E46}.Release|x86.ActiveCfg = Release|Any CPU
		{A8FA1899-AF16-43F4-A33B-130C41600E46}.Release|x86.Build.0 = Release|Any CPU
		{FE280F87-0718-4301-99BA-C698AEE66D4E}.Debug|Any CPU.ActiveCfg = Debug|Any CPU
		{FE280F87-0718-4301-99BA-C698AEE66D4E}.Debug|Any CPU.Build.0 = Debug|Any CPU
		{FE280F87-0718-4301-99BA-C698AEE66D4E}.Debug|x64.ActiveCfg = Debug|Any CPU
		{FE280F87-0718-4301-99BA-C698AEE66D4E}.Debug|x64.Build.0 = Debug|Any CPU
		{FE280F87-0718-4301-99BA-C698AEE66D4E}.Debug|x86.ActiveCfg = Debug|Any CPU
		{FE280F87-0718-4301-99BA-C698AEE66D4E}.Debug|x86.Build.0 = Debug|Any CPU
		{FE280F87-0718-4301-99BA-C698AEE66D4E}.Release|Any CPU.ActiveCfg = Release|Any CPU
		{FE280F87-0718-4301-99BA-C698AEE66D4E}.Release|Any CPU.Build.0 = Release|Any CPU
		{FE280F87-0718-4301-99BA-C698AEE66D4E}.Release|x64.ActiveCfg = Release|Any CPU
		{FE280F87-0718-4301-99BA-C698AEE66D4E}.Release|x64.Build.0 = Release|Any CPU
		{FE280F87-0718-4301-99BA-C698AEE66D4E}.Release|x86.ActiveCfg = Release|Any CPU
		{FE280F87-0718-4301-99BA-C698AEE66D4E}.Release|x86.Build.0 = Release|Any CPU
		{92D47AC8-C4D6-4277-8A40-30994FC4967E}.Debug|Any CPU.ActiveCfg = Debug|Any CPU
		{92D47AC8-C4D6-4277-8A40-30994FC4967E}.Debug|Any CPU.Build.0 = Debug|Any CPU
		{92D47AC8-C4D6-4277-8A40-30994FC4967E}.Debug|x64.ActiveCfg = Debug|Any CPU
		{92D47AC8-C4D6-4277-8A40-30994FC4967E}.Debug|x64.Build.0 = Debug|Any CPU
		{92D47AC8-C4D6-4277-8A40-30994FC4967E}.Debug|x86.ActiveCfg = Debug|Any CPU
		{92D47AC8-C4D6-4277-8A40-30994FC4967E}.Debug|x86.Build.0 = Debug|Any CPU
		{92D47AC8-C4D6-4277-8A40-30994FC4967E}.Release|Any CPU.ActiveCfg = Release|Any CPU
		{92D47AC8-C4D6-4277-8A40-30994FC4967E}.Release|Any CPU.Build.0 = Release|Any CPU
		{92D47AC8-C4D6-4277-8A40-30994FC4967E}.Release|x64.ActiveCfg = Release|Any CPU
		{92D47AC8-C4D6-4277-8A40-30994FC4967E}.Release|x64.Build.0 = Release|Any CPU
		{92D47AC8-C4D6-4277-8A40-30994FC4967E}.Release|x86.ActiveCfg = Release|Any CPU
		{92D47AC8-C4D6-4277-8A40-30994FC4967E}.Release|x86.Build.0 = Release|Any CPU
		{E7E6B881-2BD3-4103-A32E-FDA00F70BA56}.Debug|Any CPU.ActiveCfg = Debug|Any CPU
		{E7E6B881-2BD3-4103-A32E-FDA00F70BA56}.Debug|Any CPU.Build.0 = Debug|Any CPU
		{E7E6B881-2BD3-4103-A32E-FDA00F70BA56}.Debug|x64.ActiveCfg = Debug|Any CPU
		{E7E6B881-2BD3-4103-A32E-FDA00F70BA56}.Debug|x64.Build.0 = Debug|Any CPU
		{E7E6B881-2BD3-4103-A32E-FDA00F70BA56}.Debug|x86.ActiveCfg = Debug|Any CPU
		{E7E6B881-2BD3-4103-A32E-FDA00F70BA56}.Debug|x86.Build.0 = Debug|Any CPU
		{E7E6B881-2BD3-4103-A32E-FDA00F70BA56}.Release|Any CPU.ActiveCfg = Release|Any CPU
		{E7E6B881-2BD3-4103-A32E-FDA00F70BA56}.Release|Any CPU.Build.0 = Release|Any CPU
		{E7E6B881-2BD3-4103-A32E-FDA00F70BA56}.Release|x64.ActiveCfg = Release|Any CPU
		{E7E6B881-2BD3-4103-A32E-FDA00F70BA56}.Release|x64.Build.0 = Release|Any CPU
		{E7E6B881-2BD3-4103-A32E-FDA00F70BA56}.Release|x86.ActiveCfg = Release|Any CPU
		{E7E6B881-2BD3-4103-A32E-FDA00F70BA56}.Release|x86.Build.0 = Release|Any CPU
		{36185B47-68D4-41BD-83A3-EF1C4EABFBD2}.Debug|Any CPU.ActiveCfg = Debug|Any CPU
		{36185B47-68D4-41BD-83A3-EF1C4EABFBD2}.Debug|Any CPU.Build.0 = Debug|Any CPU
		{36185B47-68D4-41BD-83A3-EF1C4EABFBD2}.Debug|x64.ActiveCfg = Debug|Any CPU
		{36185B47-68D4-41BD-83A3-EF1C4EABFBD2}.Debug|x64.Build.0 = Debug|Any CPU
		{36185B47-68D4-41BD-83A3-EF1C4EABFBD2}.Debug|x86.ActiveCfg = Debug|Any CPU
		{36185B47-68D4-41BD-83A3-EF1C4EABFBD2}.Debug|x86.Build.0 = Debug|Any CPU
		{36185B47-68D4-41BD-83A3-EF1C4EABFBD2}.Release|Any CPU.ActiveCfg = Release|Any CPU
		{36185B47-68D4-41BD-83A3-EF1C4EABFBD2}.Release|Any CPU.Build.0 = Release|Any CPU
		{36185B47-68D4-41BD-83A3-EF1C4EABFBD2}.Release|x64.ActiveCfg = Release|Any CPU
		{36185B47-68D4-41BD-83A3-EF1C4EABFBD2}.Release|x64.Build.0 = Release|Any CPU
		{36185B47-68D4-41BD-83A3-EF1C4EABFBD2}.Release|x86.ActiveCfg = Release|Any CPU
		{36185B47-68D4-41BD-83A3-EF1C4EABFBD2}.Release|x86.Build.0 = Release|Any CPU
		{C10C159A-E8A9-4668-A866-82C0E83A485F}.Debug|Any CPU.ActiveCfg = Debug|Any CPU
		{C10C159A-E8A9-4668-A866-82C0E83A485F}.Debug|Any CPU.Build.0 = Debug|Any CPU
		{C10C159A-E8A9-4668-A866-82C0E83A485F}.Debug|x64.ActiveCfg = Debug|Any CPU
		{C10C159A-E8A9-4668-A866-82C0E83A485F}.Debug|x64.Build.0 = Debug|Any CPU
		{C10C159A-E8A9-4668-A866-82C0E83A485F}.Debug|x86.ActiveCfg = Debug|Any CPU
		{C10C159A-E8A9-4668-A866-82C0E83A485F}.Debug|x86.Build.0 = Debug|Any CPU
		{C10C159A-E8A9-4668-A866-82C0E83A485F}.Release|Any CPU.ActiveCfg = Release|Any CPU
		{C10C159A-E8A9-4668-A866-82C0E83A485F}.Release|Any CPU.Build.0 = Release|Any CPU
		{C10C159A-E8A9-4668-A866-82C0E83A485F}.Release|x64.ActiveCfg = Release|Any CPU
		{C10C159A-E8A9-4668-A866-82C0E83A485F}.Release|x64.Build.0 = Release|Any CPU
		{C10C159A-E8A9-4668-A866-82C0E83A485F}.Release|x86.ActiveCfg = Release|Any CPU
		{C10C159A-E8A9-4668-A866-82C0E83A485F}.Release|x86.Build.0 = Release|Any CPU
		{532B98E1-FE58-4001-836D-C93E1C543C06}.Debug|Any CPU.ActiveCfg = Debug|Any CPU
		{532B98E1-FE58-4001-836D-C93E1C543C06}.Debug|Any CPU.Build.0 = Debug|Any CPU
		{532B98E1-FE58-4001-836D-C93E1C543C06}.Debug|x64.ActiveCfg = Debug|Any CPU
		{532B98E1-FE58-4001-836D-C93E1C543C06}.Debug|x64.Build.0 = Debug|Any CPU
		{532B98E1-FE58-4001-836D-C93E1C543C06}.Debug|x86.ActiveCfg = Debug|Any CPU
		{532B98E1-FE58-4001-836D-C93E1C543C06}.Debug|x86.Build.0 = Debug|Any CPU
		{532B98E1-FE58-4001-836D-C93E1C543C06}.Release|Any CPU.ActiveCfg = Release|Any CPU
		{532B98E1-FE58-4001-836D-C93E1C543C06}.Release|Any CPU.Build.0 = Release|Any CPU
		{532B98E1-FE58-4001-836D-C93E1C543C06}.Release|x64.ActiveCfg = Release|Any CPU
		{532B98E1-FE58-4001-836D-C93E1C543C06}.Release|x64.Build.0 = Release|Any CPU
		{532B98E1-FE58-4001-836D-C93E1C543C06}.Release|x86.ActiveCfg = Release|Any CPU
		{532B98E1-FE58-4001-836D-C93E1C543C06}.Release|x86.Build.0 = Release|Any CPU
		{65D58820-0B81-4FED-92DA-CE2C10E89AF4}.Debug|Any CPU.ActiveCfg = Debug|Any CPU
		{65D58820-0B81-4FED-92DA-CE2C10E89AF4}.Debug|Any CPU.Build.0 = Debug|Any CPU
		{65D58820-0B81-4FED-92DA-CE2C10E89AF4}.Debug|x64.ActiveCfg = Debug|Any CPU
		{65D58820-0B81-4FED-92DA-CE2C10E89AF4}.Debug|x64.Build.0 = Debug|Any CPU
		{65D58820-0B81-4FED-92DA-CE2C10E89AF4}.Debug|x86.ActiveCfg = Debug|Any CPU
		{65D58820-0B81-4FED-92DA-CE2C10E89AF4}.Debug|x86.Build.0 = Debug|Any CPU
		{65D58820-0B81-4FED-92DA-CE2C10E89AF4}.Release|Any CPU.ActiveCfg = Release|Any CPU
		{65D58820-0B81-4FED-92DA-CE2C10E89AF4}.Release|Any CPU.Build.0 = Release|Any CPU
		{65D58820-0B81-4FED-92DA-CE2C10E89AF4}.Release|x64.ActiveCfg = Release|Any CPU
		{65D58820-0B81-4FED-92DA-CE2C10E89AF4}.Release|x64.Build.0 = Release|Any CPU
		{65D58820-0B81-4FED-92DA-CE2C10E89AF4}.Release|x86.ActiveCfg = Release|Any CPU
		{65D58820-0B81-4FED-92DA-CE2C10E89AF4}.Release|x86.Build.0 = Release|Any CPU
		{01CF4A4E-D9BA-4FC3-B495-5FA1E57CF165}.Debug|Any CPU.ActiveCfg = Debug|Any CPU
		{01CF4A4E-D9BA-4FC3-B495-5FA1E57CF165}.Debug|Any CPU.Build.0 = Debug|Any CPU
		{01CF4A4E-D9BA-4FC3-B495-5FA1E57CF165}.Debug|x64.ActiveCfg = Debug|Any CPU
		{01CF4A4E-D9BA-4FC3-B495-5FA1E57CF165}.Debug|x64.Build.0 = Debug|Any CPU
		{01CF4A4E-D9BA-4FC3-B495-5FA1E57CF165}.Debug|x86.ActiveCfg = Debug|Any CPU
		{01CF4A4E-D9BA-4FC3-B495-5FA1E57CF165}.Debug|x86.Build.0 = Debug|Any CPU
		{01CF4A4E-D9BA-4FC3-B495-5FA1E57CF165}.Release|Any CPU.ActiveCfg = Release|Any CPU
		{01CF4A4E-D9BA-4FC3-B495-5FA1E57CF165}.Release|Any CPU.Build.0 = Release|Any CPU
		{01CF4A4E-D9BA-4FC3-B495-5FA1E57CF165}.Release|x64.ActiveCfg = Release|Any CPU
		{01CF4A4E-D9BA-4FC3-B495-5FA1E57CF165}.Release|x64.Build.0 = Release|Any CPU
		{01CF4A4E-D9BA-4FC3-B495-5FA1E57CF165}.Release|x86.ActiveCfg = Release|Any CPU
		{01CF4A4E-D9BA-4FC3-B495-5FA1E57CF165}.Release|x86.Build.0 = Release|Any CPU
		{23D149DF-A33E-408A-BA4B-37AE2DD67F0F}.Debug|Any CPU.ActiveCfg = Debug|Any CPU
		{23D149DF-A33E-408A-BA4B-37AE2DD67F0F}.Debug|Any CPU.Build.0 = Debug|Any CPU
		{23D149DF-A33E-408A-BA4B-37AE2DD67F0F}.Debug|x64.ActiveCfg = Debug|Any CPU
		{23D149DF-A33E-408A-BA4B-37AE2DD67F0F}.Debug|x64.Build.0 = Debug|Any CPU
		{23D149DF-A33E-408A-BA4B-37AE2DD67F0F}.Debug|x86.ActiveCfg = Debug|Any CPU
		{23D149DF-A33E-408A-BA4B-37AE2DD67F0F}.Debug|x86.Build.0 = Debug|Any CPU
		{23D149DF-A33E-408A-BA4B-37AE2DD67F0F}.Release|Any CPU.ActiveCfg = Release|Any CPU
		{23D149DF-A33E-408A-BA4B-37AE2DD67F0F}.Release|Any CPU.Build.0 = Release|Any CPU
		{23D149DF-A33E-408A-BA4B-37AE2DD67F0F}.Release|x64.ActiveCfg = Release|Any CPU
		{23D149DF-A33E-408A-BA4B-37AE2DD67F0F}.Release|x64.Build.0 = Release|Any CPU
		{23D149DF-A33E-408A-BA4B-37AE2DD67F0F}.Release|x86.ActiveCfg = Release|Any CPU
		{23D149DF-A33E-408A-BA4B-37AE2DD67F0F}.Release|x86.Build.0 = Release|Any CPU
		{6EC41E9B-85A1-4B69-87AE-2C9CF7CF076E}.Debug|Any CPU.ActiveCfg = Debug|Any CPU
		{6EC41E9B-85A1-4B69-87AE-2C9CF7CF076E}.Debug|Any CPU.Build.0 = Debug|Any CPU
		{6EC41E9B-85A1-4B69-87AE-2C9CF7CF076E}.Debug|x64.ActiveCfg = Debug|Any CPU
		{6EC41E9B-85A1-4B69-87AE-2C9CF7CF076E}.Debug|x64.Build.0 = Debug|Any CPU
		{6EC41E9B-85A1-4B69-87AE-2C9CF7CF076E}.Debug|x86.ActiveCfg = Debug|Any CPU
		{6EC41E9B-85A1-4B69-87AE-2C9CF7CF076E}.Debug|x86.Build.0 = Debug|Any CPU
		{6EC41E9B-85A1-4B69-87AE-2C9CF7CF076E}.Release|Any CPU.ActiveCfg = Release|Any CPU
		{6EC41E9B-85A1-4B69-87AE-2C9CF7CF076E}.Release|Any CPU.Build.0 = Release|Any CPU
		{6EC41E9B-85A1-4B69-87AE-2C9CF7CF076E}.Release|x64.ActiveCfg = Release|Any CPU
		{6EC41E9B-85A1-4B69-87AE-2C9CF7CF076E}.Release|x64.Build.0 = Release|Any CPU
		{6EC41E9B-85A1-4B69-87AE-2C9CF7CF076E}.Release|x86.ActiveCfg = Release|Any CPU
		{6EC41E9B-85A1-4B69-87AE-2C9CF7CF076E}.Release|x86.Build.0 = Release|Any CPU
		{55995439-D88A-491B-AF22-E2271F2C38EB}.Debug|Any CPU.ActiveCfg = Debug|Any CPU
		{55995439-D88A-491B-AF22-E2271F2C38EB}.Debug|Any CPU.Build.0 = Debug|Any CPU
		{55995439-D88A-491B-AF22-E2271F2C38EB}.Debug|x64.ActiveCfg = Debug|Any CPU
		{55995439-D88A-491B-AF22-E2271F2C38EB}.Debug|x64.Build.0 = Debug|Any CPU
		{55995439-D88A-491B-AF22-E2271F2C38EB}.Debug|x86.ActiveCfg = Debug|Any CPU
		{55995439-D88A-491B-AF22-E2271F2C38EB}.Debug|x86.Build.0 = Debug|Any CPU
		{55995439-D88A-491B-AF22-E2271F2C38EB}.Release|Any CPU.ActiveCfg = Release|Any CPU
		{55995439-D88A-491B-AF22-E2271F2C38EB}.Release|Any CPU.Build.0 = Release|Any CPU
		{55995439-D88A-491B-AF22-E2271F2C38EB}.Release|x64.ActiveCfg = Release|Any CPU
		{55995439-D88A-491B-AF22-E2271F2C38EB}.Release|x64.Build.0 = Release|Any CPU
		{55995439-D88A-491B-AF22-E2271F2C38EB}.Release|x86.ActiveCfg = Release|Any CPU
		{55995439-D88A-491B-AF22-E2271F2C38EB}.Release|x86.Build.0 = Release|Any CPU
		{B44577F0-55B9-416A-82A7-CB0494993BA5}.Debug|Any CPU.ActiveCfg = Debug|Any CPU
		{B44577F0-55B9-416A-82A7-CB0494993BA5}.Debug|Any CPU.Build.0 = Debug|Any CPU
		{B44577F0-55B9-416A-82A7-CB0494993BA5}.Debug|x64.ActiveCfg = Debug|Any CPU
		{B44577F0-55B9-416A-82A7-CB0494993BA5}.Debug|x64.Build.0 = Debug|Any CPU
		{B44577F0-55B9-416A-82A7-CB0494993BA5}.Debug|x86.ActiveCfg = Debug|Any CPU
		{B44577F0-55B9-416A-82A7-CB0494993BA5}.Debug|x86.Build.0 = Debug|Any CPU
		{B44577F0-55B9-416A-82A7-CB0494993BA5}.Release|Any CPU.ActiveCfg = Release|Any CPU
		{B44577F0-55B9-416A-82A7-CB0494993BA5}.Release|Any CPU.Build.0 = Release|Any CPU
		{B44577F0-55B9-416A-82A7-CB0494993BA5}.Release|x64.ActiveCfg = Release|Any CPU
		{B44577F0-55B9-416A-82A7-CB0494993BA5}.Release|x64.Build.0 = Release|Any CPU
		{B44577F0-55B9-416A-82A7-CB0494993BA5}.Release|x86.ActiveCfg = Release|Any CPU
		{B44577F0-55B9-416A-82A7-CB0494993BA5}.Release|x86.Build.0 = Release|Any CPU
		{24D29D0C-3A09-4A19-B28D-E176874A315E}.Debug|Any CPU.ActiveCfg = Debug|Any CPU
		{24D29D0C-3A09-4A19-B28D-E176874A315E}.Debug|Any CPU.Build.0 = Debug|Any CPU
		{24D29D0C-3A09-4A19-B28D-E176874A315E}.Debug|x64.ActiveCfg = Debug|Any CPU
		{24D29D0C-3A09-4A19-B28D-E176874A315E}.Debug|x64.Build.0 = Debug|Any CPU
		{24D29D0C-3A09-4A19-B28D-E176874A315E}.Debug|x86.ActiveCfg = Debug|Any CPU
		{24D29D0C-3A09-4A19-B28D-E176874A315E}.Debug|x86.Build.0 = Debug|Any CPU
		{24D29D0C-3A09-4A19-B28D-E176874A315E}.Release|Any CPU.ActiveCfg = Release|Any CPU
		{24D29D0C-3A09-4A19-B28D-E176874A315E}.Release|Any CPU.Build.0 = Release|Any CPU
		{24D29D0C-3A09-4A19-B28D-E176874A315E}.Release|x64.ActiveCfg = Release|Any CPU
		{24D29D0C-3A09-4A19-B28D-E176874A315E}.Release|x64.Build.0 = Release|Any CPU
		{24D29D0C-3A09-4A19-B28D-E176874A315E}.Release|x86.ActiveCfg = Release|Any CPU
		{24D29D0C-3A09-4A19-B28D-E176874A315E}.Release|x86.Build.0 = Release|Any CPU
		{E9BC57EE-77FB-4B2E-BB43-55959EEC4C34}.Debug|Any CPU.ActiveCfg = Debug|Any CPU
		{E9BC57EE-77FB-4B2E-BB43-55959EEC4C34}.Debug|Any CPU.Build.0 = Debug|Any CPU
		{E9BC57EE-77FB-4B2E-BB43-55959EEC4C34}.Debug|x64.ActiveCfg = Debug|Any CPU
		{E9BC57EE-77FB-4B2E-BB43-55959EEC4C34}.Debug|x64.Build.0 = Debug|Any CPU
		{E9BC57EE-77FB-4B2E-BB43-55959EEC4C34}.Debug|x86.ActiveCfg = Debug|Any CPU
		{E9BC57EE-77FB-4B2E-BB43-55959EEC4C34}.Debug|x86.Build.0 = Debug|Any CPU
		{E9BC57EE-77FB-4B2E-BB43-55959EEC4C34}.Release|Any CPU.ActiveCfg = Release|Any CPU
		{E9BC57EE-77FB-4B2E-BB43-55959EEC4C34}.Release|Any CPU.Build.0 = Release|Any CPU
		{E9BC57EE-77FB-4B2E-BB43-55959EEC4C34}.Release|x64.ActiveCfg = Release|Any CPU
		{E9BC57EE-77FB-4B2E-BB43-55959EEC4C34}.Release|x64.Build.0 = Release|Any CPU
		{E9BC57EE-77FB-4B2E-BB43-55959EEC4C34}.Release|x86.ActiveCfg = Release|Any CPU
		{E9BC57EE-77FB-4B2E-BB43-55959EEC4C34}.Release|x86.Build.0 = Release|Any CPU
		{E482CD23-5E4F-49A6-BC83-B816FF7AE735}.Debug|Any CPU.ActiveCfg = Debug|Any CPU
		{E482CD23-5E4F-49A6-BC83-B816FF7AE735}.Debug|Any CPU.Build.0 = Debug|Any CPU
		{E482CD23-5E4F-49A6-BC83-B816FF7AE735}.Debug|x64.ActiveCfg = Debug|Any CPU
		{E482CD23-5E4F-49A6-BC83-B816FF7AE735}.Debug|x64.Build.0 = Debug|Any CPU
		{E482CD23-5E4F-49A6-BC83-B816FF7AE735}.Debug|x86.ActiveCfg = Debug|Any CPU
		{E482CD23-5E4F-49A6-BC83-B816FF7AE735}.Debug|x86.Build.0 = Debug|Any CPU
		{E482CD23-5E4F-49A6-BC83-B816FF7AE735}.Release|Any CPU.ActiveCfg = Release|Any CPU
		{E482CD23-5E4F-49A6-BC83-B816FF7AE735}.Release|Any CPU.Build.0 = Release|Any CPU
		{E482CD23-5E4F-49A6-BC83-B816FF7AE735}.Release|x64.ActiveCfg = Release|Any CPU
		{E482CD23-5E4F-49A6-BC83-B816FF7AE735}.Release|x64.Build.0 = Release|Any CPU
		{E482CD23-5E4F-49A6-BC83-B816FF7AE735}.Release|x86.ActiveCfg = Release|Any CPU
		{E482CD23-5E4F-49A6-BC83-B816FF7AE735}.Release|x86.Build.0 = Release|Any CPU
		{27AD71F5-8571-4615-AB71-F7B3B2C46534}.Debug|Any CPU.ActiveCfg = Debug|Any CPU
		{27AD71F5-8571-4615-AB71-F7B3B2C46534}.Debug|Any CPU.Build.0 = Debug|Any CPU
		{27AD71F5-8571-4615-AB71-F7B3B2C46534}.Debug|x64.ActiveCfg = Debug|Any CPU
		{27AD71F5-8571-4615-AB71-F7B3B2C46534}.Debug|x64.Build.0 = Debug|Any CPU
		{27AD71F5-8571-4615-AB71-F7B3B2C46534}.Debug|x86.ActiveCfg = Debug|Any CPU
		{27AD71F5-8571-4615-AB71-F7B3B2C46534}.Debug|x86.Build.0 = Debug|Any CPU
		{27AD71F5-8571-4615-AB71-F7B3B2C46534}.Release|Any CPU.ActiveCfg = Release|Any CPU
		{27AD71F5-8571-4615-AB71-F7B3B2C46534}.Release|Any CPU.Build.0 = Release|Any CPU
		{27AD71F5-8571-4615-AB71-F7B3B2C46534}.Release|x64.ActiveCfg = Release|Any CPU
		{27AD71F5-8571-4615-AB71-F7B3B2C46534}.Release|x64.Build.0 = Release|Any CPU
		{27AD71F5-8571-4615-AB71-F7B3B2C46534}.Release|x86.ActiveCfg = Release|Any CPU
		{27AD71F5-8571-4615-AB71-F7B3B2C46534}.Release|x86.Build.0 = Release|Any CPU
		{1CDEB1F5-4DBE-4C57-B2D6-87CD91FED17D}.Debug|Any CPU.ActiveCfg = Debug|Any CPU
		{1CDEB1F5-4DBE-4C57-B2D6-87CD91FED17D}.Debug|Any CPU.Build.0 = Debug|Any CPU
		{1CDEB1F5-4DBE-4C57-B2D6-87CD91FED17D}.Debug|x64.ActiveCfg = Debug|Any CPU
		{1CDEB1F5-4DBE-4C57-B2D6-87CD91FED17D}.Debug|x64.Build.0 = Debug|Any CPU
		{1CDEB1F5-4DBE-4C57-B2D6-87CD91FED17D}.Debug|x86.ActiveCfg = Debug|Any CPU
		{1CDEB1F5-4DBE-4C57-B2D6-87CD91FED17D}.Debug|x86.Build.0 = Debug|Any CPU
		{1CDEB1F5-4DBE-4C57-B2D6-87CD91FED17D}.Release|Any CPU.ActiveCfg = Release|Any CPU
		{1CDEB1F5-4DBE-4C57-B2D6-87CD91FED17D}.Release|Any CPU.Build.0 = Release|Any CPU
		{1CDEB1F5-4DBE-4C57-B2D6-87CD91FED17D}.Release|x64.ActiveCfg = Release|Any CPU
		{1CDEB1F5-4DBE-4C57-B2D6-87CD91FED17D}.Release|x64.Build.0 = Release|Any CPU
		{1CDEB1F5-4DBE-4C57-B2D6-87CD91FED17D}.Release|x86.ActiveCfg = Release|Any CPU
		{1CDEB1F5-4DBE-4C57-B2D6-87CD91FED17D}.Release|x86.Build.0 = Release|Any CPU
		{33DF91EF-F216-4ACF-B3D7-0B8094A21554}.Debug|Any CPU.ActiveCfg = Debug|Any CPU
		{33DF91EF-F216-4ACF-B3D7-0B8094A21554}.Debug|Any CPU.Build.0 = Debug|Any CPU
		{33DF91EF-F216-4ACF-B3D7-0B8094A21554}.Debug|x64.ActiveCfg = Debug|Any CPU
		{33DF91EF-F216-4ACF-B3D7-0B8094A21554}.Debug|x64.Build.0 = Debug|Any CPU
		{33DF91EF-F216-4ACF-B3D7-0B8094A21554}.Debug|x86.ActiveCfg = Debug|Any CPU
		{33DF91EF-F216-4ACF-B3D7-0B8094A21554}.Debug|x86.Build.0 = Debug|Any CPU
		{33DF91EF-F216-4ACF-B3D7-0B8094A21554}.Release|Any CPU.ActiveCfg = Release|Any CPU
		{33DF91EF-F216-4ACF-B3D7-0B8094A21554}.Release|Any CPU.Build.0 = Release|Any CPU
		{33DF91EF-F216-4ACF-B3D7-0B8094A21554}.Release|x64.ActiveCfg = Release|Any CPU
		{33DF91EF-F216-4ACF-B3D7-0B8094A21554}.Release|x64.Build.0 = Release|Any CPU
		{33DF91EF-F216-4ACF-B3D7-0B8094A21554}.Release|x86.ActiveCfg = Release|Any CPU
		{33DF91EF-F216-4ACF-B3D7-0B8094A21554}.Release|x86.Build.0 = Release|Any CPU
		{8A0C6D62-F648-45F1-B846-1DF4BC9BA659}.Debug|Any CPU.ActiveCfg = Debug|Any CPU
		{8A0C6D62-F648-45F1-B846-1DF4BC9BA659}.Debug|Any CPU.Build.0 = Debug|Any CPU
		{8A0C6D62-F648-45F1-B846-1DF4BC9BA659}.Debug|x64.ActiveCfg = Debug|Any CPU
		{8A0C6D62-F648-45F1-B846-1DF4BC9BA659}.Debug|x64.Build.0 = Debug|Any CPU
		{8A0C6D62-F648-45F1-B846-1DF4BC9BA659}.Debug|x86.ActiveCfg = Debug|Any CPU
		{8A0C6D62-F648-45F1-B846-1DF4BC9BA659}.Debug|x86.Build.0 = Debug|Any CPU
		{8A0C6D62-F648-45F1-B846-1DF4BC9BA659}.Release|Any CPU.ActiveCfg = Release|Any CPU
		{8A0C6D62-F648-45F1-B846-1DF4BC9BA659}.Release|Any CPU.Build.0 = Release|Any CPU
		{8A0C6D62-F648-45F1-B846-1DF4BC9BA659}.Release|x64.ActiveCfg = Release|Any CPU
		{8A0C6D62-F648-45F1-B846-1DF4BC9BA659}.Release|x64.Build.0 = Release|Any CPU
		{8A0C6D62-F648-45F1-B846-1DF4BC9BA659}.Release|x86.ActiveCfg = Release|Any CPU
		{8A0C6D62-F648-45F1-B846-1DF4BC9BA659}.Release|x86.Build.0 = Release|Any CPU
		{1520B20B-1E46-489A-9967-5D460D653A0C}.Debug|Any CPU.ActiveCfg = Debug|Any CPU
		{1520B20B-1E46-489A-9967-5D460D653A0C}.Debug|Any CPU.Build.0 = Debug|Any CPU
		{1520B20B-1E46-489A-9967-5D460D653A0C}.Debug|x64.ActiveCfg = Debug|Any CPU
		{1520B20B-1E46-489A-9967-5D460D653A0C}.Debug|x64.Build.0 = Debug|Any CPU
		{1520B20B-1E46-489A-9967-5D460D653A0C}.Debug|x86.ActiveCfg = Debug|Any CPU
		{1520B20B-1E46-489A-9967-5D460D653A0C}.Debug|x86.Build.0 = Debug|Any CPU
		{1520B20B-1E46-489A-9967-5D460D653A0C}.Release|Any CPU.ActiveCfg = Release|Any CPU
		{1520B20B-1E46-489A-9967-5D460D653A0C}.Release|Any CPU.Build.0 = Release|Any CPU
		{1520B20B-1E46-489A-9967-5D460D653A0C}.Release|x64.ActiveCfg = Release|Any CPU
		{1520B20B-1E46-489A-9967-5D460D653A0C}.Release|x64.Build.0 = Release|Any CPU
		{1520B20B-1E46-489A-9967-5D460D653A0C}.Release|x86.ActiveCfg = Release|Any CPU
		{1520B20B-1E46-489A-9967-5D460D653A0C}.Release|x86.Build.0 = Release|Any CPU
		{34A2B234-3037-4550-8E64-0063BD7F4859}.Debug|Any CPU.ActiveCfg = Debug|Any CPU
		{34A2B234-3037-4550-8E64-0063BD7F4859}.Debug|Any CPU.Build.0 = Debug|Any CPU
		{34A2B234-3037-4550-8E64-0063BD7F4859}.Debug|x64.ActiveCfg = Debug|Any CPU
		{34A2B234-3037-4550-8E64-0063BD7F4859}.Debug|x64.Build.0 = Debug|Any CPU
		{34A2B234-3037-4550-8E64-0063BD7F4859}.Debug|x86.ActiveCfg = Debug|Any CPU
		{34A2B234-3037-4550-8E64-0063BD7F4859}.Debug|x86.Build.0 = Debug|Any CPU
		{34A2B234-3037-4550-8E64-0063BD7F4859}.Release|Any CPU.ActiveCfg = Release|Any CPU
		{34A2B234-3037-4550-8E64-0063BD7F4859}.Release|Any CPU.Build.0 = Release|Any CPU
		{34A2B234-3037-4550-8E64-0063BD7F4859}.Release|x64.ActiveCfg = Release|Any CPU
		{34A2B234-3037-4550-8E64-0063BD7F4859}.Release|x64.Build.0 = Release|Any CPU
		{34A2B234-3037-4550-8E64-0063BD7F4859}.Release|x86.ActiveCfg = Release|Any CPU
		{34A2B234-3037-4550-8E64-0063BD7F4859}.Release|x86.Build.0 = Release|Any CPU
		{79B362A2-51FC-4633-AF3F-D4A04498142C}.Debug|Any CPU.ActiveCfg = Debug|Any CPU
		{79B362A2-51FC-4633-AF3F-D4A04498142C}.Debug|Any CPU.Build.0 = Debug|Any CPU
		{79B362A2-51FC-4633-AF3F-D4A04498142C}.Debug|x64.ActiveCfg = Debug|Any CPU
		{79B362A2-51FC-4633-AF3F-D4A04498142C}.Debug|x64.Build.0 = Debug|Any CPU
		{79B362A2-51FC-4633-AF3F-D4A04498142C}.Debug|x86.ActiveCfg = Debug|Any CPU
		{79B362A2-51FC-4633-AF3F-D4A04498142C}.Debug|x86.Build.0 = Debug|Any CPU
		{79B362A2-51FC-4633-AF3F-D4A04498142C}.Release|Any CPU.ActiveCfg = Release|Any CPU
		{79B362A2-51FC-4633-AF3F-D4A04498142C}.Release|Any CPU.Build.0 = Release|Any CPU
		{79B362A2-51FC-4633-AF3F-D4A04498142C}.Release|x64.ActiveCfg = Release|Any CPU
		{79B362A2-51FC-4633-AF3F-D4A04498142C}.Release|x64.Build.0 = Release|Any CPU
		{79B362A2-51FC-4633-AF3F-D4A04498142C}.Release|x86.ActiveCfg = Release|Any CPU
		{79B362A2-51FC-4633-AF3F-D4A04498142C}.Release|x86.Build.0 = Release|Any CPU
		{4EBE62EB-95FD-43D6-A19D-4B9283940E92}.Debug|Any CPU.ActiveCfg = Debug|Any CPU
		{4EBE62EB-95FD-43D6-A19D-4B9283940E92}.Debug|Any CPU.Build.0 = Debug|Any CPU
		{4EBE62EB-95FD-43D6-A19D-4B9283940E92}.Debug|x64.ActiveCfg = Debug|Any CPU
		{4EBE62EB-95FD-43D6-A19D-4B9283940E92}.Debug|x64.Build.0 = Debug|Any CPU
		{4EBE62EB-95FD-43D6-A19D-4B9283940E92}.Debug|x86.ActiveCfg = Debug|Any CPU
		{4EBE62EB-95FD-43D6-A19D-4B9283940E92}.Debug|x86.Build.0 = Debug|Any CPU
		{4EBE62EB-95FD-43D6-A19D-4B9283940E92}.Release|Any CPU.ActiveCfg = Release|Any CPU
		{4EBE62EB-95FD-43D6-A19D-4B9283940E92}.Release|Any CPU.Build.0 = Release|Any CPU
		{4EBE62EB-95FD-43D6-A19D-4B9283940E92}.Release|x64.ActiveCfg = Release|Any CPU
		{4EBE62EB-95FD-43D6-A19D-4B9283940E92}.Release|x64.Build.0 = Release|Any CPU
		{4EBE62EB-95FD-43D6-A19D-4B9283940E92}.Release|x86.ActiveCfg = Release|Any CPU
		{4EBE62EB-95FD-43D6-A19D-4B9283940E92}.Release|x86.Build.0 = Release|Any CPU
		{D3A8EFD8-A470-4D24-95B0-C534F2406EC4}.Debug|Any CPU.ActiveCfg = Debug|Any CPU
		{D3A8EFD8-A470-4D24-95B0-C534F2406EC4}.Debug|Any CPU.Build.0 = Debug|Any CPU
		{D3A8EFD8-A470-4D24-95B0-C534F2406EC4}.Debug|x64.ActiveCfg = Debug|Any CPU
		{D3A8EFD8-A470-4D24-95B0-C534F2406EC4}.Debug|x64.Build.0 = Debug|Any CPU
		{D3A8EFD8-A470-4D24-95B0-C534F2406EC4}.Debug|x86.ActiveCfg = Debug|Any CPU
		{D3A8EFD8-A470-4D24-95B0-C534F2406EC4}.Debug|x86.Build.0 = Debug|Any CPU
		{D3A8EFD8-A470-4D24-95B0-C534F2406EC4}.Release|Any CPU.ActiveCfg = Release|Any CPU
		{D3A8EFD8-A470-4D24-95B0-C534F2406EC4}.Release|Any CPU.Build.0 = Release|Any CPU
		{D3A8EFD8-A470-4D24-95B0-C534F2406EC4}.Release|x64.ActiveCfg = Release|Any CPU
		{D3A8EFD8-A470-4D24-95B0-C534F2406EC4}.Release|x64.Build.0 = Release|Any CPU
		{D3A8EFD8-A470-4D24-95B0-C534F2406EC4}.Release|x86.ActiveCfg = Release|Any CPU
		{D3A8EFD8-A470-4D24-95B0-C534F2406EC4}.Release|x86.Build.0 = Release|Any CPU
		{23F6C82B-C89E-4051-AD0C-FD2EE6EFE9C3}.Debug|Any CPU.ActiveCfg = Debug|Any CPU
		{23F6C82B-C89E-4051-AD0C-FD2EE6EFE9C3}.Debug|Any CPU.Build.0 = Debug|Any CPU
		{23F6C82B-C89E-4051-AD0C-FD2EE6EFE9C3}.Debug|x64.ActiveCfg = Debug|Any CPU
		{23F6C82B-C89E-4051-AD0C-FD2EE6EFE9C3}.Debug|x64.Build.0 = Debug|Any CPU
		{23F6C82B-C89E-4051-AD0C-FD2EE6EFE9C3}.Debug|x86.ActiveCfg = Debug|Any CPU
		{23F6C82B-C89E-4051-AD0C-FD2EE6EFE9C3}.Debug|x86.Build.0 = Debug|Any CPU
		{23F6C82B-C89E-4051-AD0C-FD2EE6EFE9C3}.Release|Any CPU.ActiveCfg = Release|Any CPU
		{23F6C82B-C89E-4051-AD0C-FD2EE6EFE9C3}.Release|Any CPU.Build.0 = Release|Any CPU
		{23F6C82B-C89E-4051-AD0C-FD2EE6EFE9C3}.Release|x64.ActiveCfg = Release|Any CPU
		{23F6C82B-C89E-4051-AD0C-FD2EE6EFE9C3}.Release|x64.Build.0 = Release|Any CPU
		{23F6C82B-C89E-4051-AD0C-FD2EE6EFE9C3}.Release|x86.ActiveCfg = Release|Any CPU
		{23F6C82B-C89E-4051-AD0C-FD2EE6EFE9C3}.Release|x86.Build.0 = Release|Any CPU
		{62220B06-F461-477B-ACD3-7FAC46D26143}.Debug|Any CPU.ActiveCfg = Debug|Any CPU
		{62220B06-F461-477B-ACD3-7FAC46D26143}.Debug|Any CPU.Build.0 = Debug|Any CPU
		{62220B06-F461-477B-ACD3-7FAC46D26143}.Debug|x64.ActiveCfg = Debug|Any CPU
		{62220B06-F461-477B-ACD3-7FAC46D26143}.Debug|x64.Build.0 = Debug|Any CPU
		{62220B06-F461-477B-ACD3-7FAC46D26143}.Debug|x86.ActiveCfg = Debug|Any CPU
		{62220B06-F461-477B-ACD3-7FAC46D26143}.Debug|x86.Build.0 = Debug|Any CPU
		{62220B06-F461-477B-ACD3-7FAC46D26143}.Release|Any CPU.ActiveCfg = Release|Any CPU
		{62220B06-F461-477B-ACD3-7FAC46D26143}.Release|Any CPU.Build.0 = Release|Any CPU
		{62220B06-F461-477B-ACD3-7FAC46D26143}.Release|x64.ActiveCfg = Release|Any CPU
		{62220B06-F461-477B-ACD3-7FAC46D26143}.Release|x64.Build.0 = Release|Any CPU
		{62220B06-F461-477B-ACD3-7FAC46D26143}.Release|x86.ActiveCfg = Release|Any CPU
		{62220B06-F461-477B-ACD3-7FAC46D26143}.Release|x86.Build.0 = Release|Any CPU
		{702886C9-7EDB-4C71-9C37-105438204E34}.Debug|Any CPU.ActiveCfg = Debug|Any CPU
		{702886C9-7EDB-4C71-9C37-105438204E34}.Debug|Any CPU.Build.0 = Debug|Any CPU
		{702886C9-7EDB-4C71-9C37-105438204E34}.Debug|x64.ActiveCfg = Debug|Any CPU
		{702886C9-7EDB-4C71-9C37-105438204E34}.Debug|x64.Build.0 = Debug|Any CPU
		{702886C9-7EDB-4C71-9C37-105438204E34}.Debug|x86.ActiveCfg = Debug|Any CPU
		{702886C9-7EDB-4C71-9C37-105438204E34}.Debug|x86.Build.0 = Debug|Any CPU
		{702886C9-7EDB-4C71-9C37-105438204E34}.Release|Any CPU.ActiveCfg = Release|Any CPU
		{702886C9-7EDB-4C71-9C37-105438204E34}.Release|Any CPU.Build.0 = Release|Any CPU
		{702886C9-7EDB-4C71-9C37-105438204E34}.Release|x64.ActiveCfg = Release|Any CPU
		{702886C9-7EDB-4C71-9C37-105438204E34}.Release|x64.Build.0 = Release|Any CPU
		{702886C9-7EDB-4C71-9C37-105438204E34}.Release|x86.ActiveCfg = Release|Any CPU
		{702886C9-7EDB-4C71-9C37-105438204E34}.Release|x86.Build.0 = Release|Any CPU
		{2E40D078-506F-4679-B0AF-FF4F42511504}.Debug|Any CPU.ActiveCfg = Debug|Any CPU
		{2E40D078-506F-4679-B0AF-FF4F42511504}.Debug|Any CPU.Build.0 = Debug|Any CPU
		{2E40D078-506F-4679-B0AF-FF4F42511504}.Debug|x64.ActiveCfg = Debug|Any CPU
		{2E40D078-506F-4679-B0AF-FF4F42511504}.Debug|x64.Build.0 = Debug|Any CPU
		{2E40D078-506F-4679-B0AF-FF4F42511504}.Debug|x86.ActiveCfg = Debug|Any CPU
		{2E40D078-506F-4679-B0AF-FF4F42511504}.Debug|x86.Build.0 = Debug|Any CPU
		{2E40D078-506F-4679-B0AF-FF4F42511504}.Release|Any CPU.ActiveCfg = Release|Any CPU
		{2E40D078-506F-4679-B0AF-FF4F42511504}.Release|Any CPU.Build.0 = Release|Any CPU
		{2E40D078-506F-4679-B0AF-FF4F42511504}.Release|x64.ActiveCfg = Release|Any CPU
		{2E40D078-506F-4679-B0AF-FF4F42511504}.Release|x64.Build.0 = Release|Any CPU
		{2E40D078-506F-4679-B0AF-FF4F42511504}.Release|x86.ActiveCfg = Release|Any CPU
		{2E40D078-506F-4679-B0AF-FF4F42511504}.Release|x86.Build.0 = Release|Any CPU
	EndGlobalSection
	GlobalSection(SolutionProperties) = preSolution
		HideSolutionNode = FALSE
	EndGlobalSection
	GlobalSection(NestedProjects) = preSolution
		{17962D1D-EA69-4A2C-8FC5-9DFAFEDA9EDE} = {7533F0C1-C462-48E3-BD47-F464B8BF974F}
		{991A5A79-7446-4738-8132-B74947063BDF} = {7533F0C1-C462-48E3-BD47-F464B8BF974F}
		{A8FA1899-AF16-43F4-A33B-130C41600E46} = {61A6AACC-0C96-4F45-AEC4-FA4F2D275868}
		{FE280F87-0718-4301-99BA-C698AEE66D4E} = {7533F0C1-C462-48E3-BD47-F464B8BF974F}
		{92D47AC8-C4D6-4277-8A40-30994FC4967E} = {61A6AACC-0C96-4F45-AEC4-FA4F2D275868}
		{E7E6B881-2BD3-4103-A32E-FDA00F70BA56} = {15FF4A91-B3F4-410F-9317-CC23EDF60D0F}
		{36185B47-68D4-41BD-83A3-EF1C4EABFBD2} = {EA4397C4-3756-E86B-71D8-301E6CD2193E}
		{C10C159A-E8A9-4668-A866-82C0E83A485F} = {EA4397C4-3756-E86B-71D8-301E6CD2193E}
		{532B98E1-FE58-4001-836D-C93E1C543C06} = {EA4397C4-3756-E86B-71D8-301E6CD2193E}
		{65D58820-0B81-4FED-92DA-CE2C10E89AF4} = {C24F7C90-6AF5-71FC-EFC1-B2C43122898C}
		{01CF4A4E-D9BA-4FC3-B495-5FA1E57CF165} = {C24F7C90-6AF5-71FC-EFC1-B2C43122898C}
		{23D149DF-A33E-408A-BA4B-37AE2DD67F0F} = {C24F7C90-6AF5-71FC-EFC1-B2C43122898C}
		{6EC41E9B-85A1-4B69-87AE-2C9CF7CF076E} = {D1363AB8-B8C0-8967-0DFE-B2290D43A7D2}
		{55995439-D88A-491B-AF22-E2271F2C38EB} = {7533F0C1-C462-48E3-BD47-F464B8BF974F}
		{B44577F0-55B9-416A-82A7-CB0494993BA5} = {EA4397C4-3756-E86B-71D8-301E6CD2193E}
		{24D29D0C-3A09-4A19-B28D-E176874A315E} = {C24F7C90-6AF5-71FC-EFC1-B2C43122898C}
		{E9BC57EE-77FB-4B2E-BB43-55959EEC4C34} = {15FF4A91-B3F4-410F-9317-CC23EDF60D0F}
		{E482CD23-5E4F-49A6-BC83-B816FF7AE735} = {D9F78987-41C9-1FA5-2A17-DF30F2333CD8}
		{27AD71F5-8571-4615-AB71-F7B3B2C46534} = {D9F78987-41C9-1FA5-2A17-DF30F2333CD8}
		{1CDEB1F5-4DBE-4C57-B2D6-87CD91FED17D} = {D9F78987-41C9-1FA5-2A17-DF30F2333CD8}
		{33DF91EF-F216-4ACF-B3D7-0B8094A21554} = {D9F78987-41C9-1FA5-2A17-DF30F2333CD8}
		{8A0C6D62-F648-45F1-B846-1DF4BC9BA659} = {BC32782B-3DC9-3934-259F-F436AC525407}
		{1520B20B-1E46-489A-9967-5D460D653A0C} = {BC32782B-3DC9-3934-259F-F436AC525407}
		{34A2B234-3037-4550-8E64-0063BD7F4859} = {BC32782B-3DC9-3934-259F-F436AC525407}
		{79B362A2-51FC-4633-AF3F-D4A04498142C} = {BC32782B-3DC9-3934-259F-F436AC525407}
		{4EBE62EB-95FD-43D6-A19D-4B9283940E92} = {245AC2C2-169F-7439-7A17-46DCAF344A17}
		{D3A8EFD8-A470-4D24-95B0-C534F2406EC4} = {245AC2C2-169F-7439-7A17-46DCAF344A17}
		{23F6C82B-C89E-4051-AD0C-FD2EE6EFE9C3} = {245AC2C2-169F-7439-7A17-46DCAF344A17}
		{62220B06-F461-477B-ACD3-7FAC46D26143} = {245AC2C2-169F-7439-7A17-46DCAF344A17}
		{702886C9-7EDB-4C71-9C37-105438204E34} = {15FF4A91-B3F4-410F-9317-CC23EDF60D0F}
		{2E40D078-506F-4679-B0AF-FF4F42511504} = {15FF4A91-B3F4-410F-9317-CC23EDF60D0F}
	EndGlobalSection
	GlobalSection(ExtensibilityGlobals) = postSolution
		SolutionGuid = {FE3BEF9D-AF6C-4272-863D-F91D8916A0C6}
	EndGlobalSection
EndGlobal
