
Microsoft Visual Studio Solution File, Format Version 12.00
# Visual Studio Version 16
VisualStudioVersion = 16.0.29709.97
MinimumVisualStudioVersion = 10.0.40219.1
Project("{2150E333-8FDC-42A3-9474-1A3956D46DE8}") = "src", "src", "{31FA3DC1-C7F9-4B26-9C41-5DAA6D12AFB6}"
EndProject
Project("{2150E333-8FDC-42A3-9474-1A3956D46DE8}") = "tests", "tests", "{B2D32AC4-3C4F-442A-A0AE-DBB65C6B9ED9}"
EndProject
Project("{9A19103F-16F7-4668-BE54-9A1E7A4F7556}") = "DataSeeder.App", "src\DataSeeder.App\DataSeeder.App.csproj", "{4D93E5B6-6A1A-4F16-AE30-346DDC88753B}"
EndProject
Project("{FAE04EC0-301F-11D3-BF4B-00C04F79EFBC}") = "Core.Domain", "src\Core.Domain\Core.Domain.csproj", "{2ECAE160-3046-489C-82D1-D74E8EEFA913}"
EndProject
Project("{FAE04EC0-301F-11D3-BF4B-00C04F79EFBC}") = "Product.Service", "src\Product.Service\Product.Service.csproj", "{6CFFDDC6-A79F-406E-BD78-FF404DFA129B}"
EndProject
Global
	GlobalSection(SolutionConfigurationPlatforms) = preSolution
		Debug|Any CPU = Debug|Any CPU
		Release|Any CPU = Release|Any CPU
	EndGlobalSection
	GlobalSection(ProjectConfigurationPlatforms) = postSolution
		{4D93E5B6-6A1A-4F16-AE30-346DDC88753B}.Debug|Any CPU.ActiveCfg = Debug|Any CPU
		{4D93E5B6-6A1A-4F16-AE30-346DDC88753B}.Debug|Any CPU.Build.0 = Debug|Any CPU
		{4D93E5B6-6A1A-4F16-AE30-346DDC88753B}.Release|Any CPU.ActiveCfg = Release|Any CPU
		{4D93E5B6-6A1A-4F16-AE30-346DDC88753B}.Release|Any CPU.Build.0 = Release|Any CPU
		{2ECAE160-3046-489C-82D1-D74E8EEFA913}.Debug|Any CPU.ActiveCfg = Debug|Any CPU
		{2ECAE160-3046-489C-82D1-D74E8EEFA913}.Debug|Any CPU.Build.0 = Debug|Any CPU
		{2ECAE160-3046-489C-82D1-D74E8EEFA913}.Release|Any CPU.ActiveCfg = Release|Any CPU
		{2ECAE160-3046-489C-82D1-D74E8EEFA913}.Release|Any CPU.Build.0 = Release|Any CPU
		{6CFFDDC6-A79F-406E-BD78-FF404DFA129B}.Debug|Any CPU.ActiveCfg = Debug|Any CPU
		{6CFFDDC6-A79F-406E-BD78-FF404DFA129B}.Debug|Any CPU.Build.0 = Debug|Any CPU
		{6CFFDDC6-A79F-406E-BD78-FF404DFA129B}.Release|Any CPU.ActiveCfg = Release|Any CPU
		{6CFFDDC6-A79F-406E-BD78-FF404DFA129B}.Release|Any CPU.Build.0 = Release|Any CPU
	EndGlobalSection
	GlobalSection(SolutionProperties) = preSolution
		HideSolutionNode = FALSE
	EndGlobalSection
	GlobalSection(NestedProjects) = preSolution
		{4D93E5B6-6A1A-4F16-AE30-346DDC88753B} = {31FA3DC1-C7F9-4B26-9C41-5DAA6D12AFB6}
		{2ECAE160-3046-489C-82D1-D74E8EEFA913} = {31FA3DC1-C7F9-4B26-9C41-5DAA6D12AFB6}
		{6CFFDDC6-A79F-406E-BD78-FF404DFA129B} = {31FA3DC1-C7F9-4B26-9C41-5DAA6D12AFB6}
	EndGlobalSection
	GlobalSection(ExtensibilityGlobals) = postSolution
		SolutionGuid = {31483A5B-6B31-42B2-83D0-BC99B7569E56}
	EndGlobalSection
EndGlobal
